// !$*UTF8*$!
{
	archiveVersion = 1;
	classes = {
	};
	objectVersion = 46;
	objects = {

/* Begin PBXBuildFile section */
		202C98CF1507A4B600F031BA /* TETabStyle.m in Sources */ = {isa = PBXBuildFile; fileRef = 202C98CE1507A4B600F031BA /* TETabStyle.m */; };
		202C98FB1507A6D300F031BA /* 32x32_log.png in Resources */ = {isa = PBXBuildFile; fileRef = 202C98D61507A6D300F031BA /* 32x32_log.png */; };
		202C98FC1507A6D300F031BA /* 32x32cancel.png in Resources */ = {isa = PBXBuildFile; fileRef = 202C98D71507A6D300F031BA /* 32x32cancel.png */; };
		202C98FD1507A6D300F031BA /* AdiumGradient.png in Resources */ = {isa = PBXBuildFile; fileRef = 202C98D81507A6D300F031BA /* AdiumGradient.png */; };
		202C98FE1507A6D300F031BA /* AquaTabClose_Front.png in Resources */ = {isa = PBXBuildFile; fileRef = 202C98D91507A6D300F031BA /* AquaTabClose_Front.png */; };
		202C98FF1507A6D300F031BA /* AquaTabClose_Front_Pressed.png in Resources */ = {isa = PBXBuildFile; fileRef = 202C98DA1507A6D300F031BA /* AquaTabClose_Front_Pressed.png */; };
		202C99001507A6D300F031BA /* AquaTabClose_Front_Rollover.png in Resources */ = {isa = PBXBuildFile; fileRef = 202C98DB1507A6D300F031BA /* AquaTabClose_Front_Rollover.png */; };
		202C99011507A6D300F031BA /* AquaTabCloseDirty_Front.png in Resources */ = {isa = PBXBuildFile; fileRef = 202C98DC1507A6D300F031BA /* AquaTabCloseDirty_Front.png */; };
		202C99021507A6D300F031BA /* AquaTabCloseDirty_Front_Pressed.png in Resources */ = {isa = PBXBuildFile; fileRef = 202C98DD1507A6D300F031BA /* AquaTabCloseDirty_Front_Pressed.png */; };
		202C99031507A6D300F031BA /* AquaTabCloseDirty_Front_Rollover.png in Resources */ = {isa = PBXBuildFile; fileRef = 202C98DE1507A6D300F031BA /* AquaTabCloseDirty_Front_Rollover.png */; };
		202C99041507A6D300F031BA /* AquaTabNew.png in Resources */ = {isa = PBXBuildFile; fileRef = 202C98DF1507A6D300F031BA /* AquaTabNew.png */; };
		202C99051507A6D300F031BA /* AquaTabNewPressed.png in Resources */ = {isa = PBXBuildFile; fileRef = 202C98E01507A6D300F031BA /* AquaTabNewPressed.png */; };
		202C99061507A6D300F031BA /* AquaTabNewRollover.png in Resources */ = {isa = PBXBuildFile; fileRef = 202C98E11507A6D300F031BA /* AquaTabNewRollover.png */; };
		202C99071507A6D300F031BA /* AquaTabsBackground.png in Resources */ = {isa = PBXBuildFile; fileRef = 202C98E21507A6D300F031BA /* AquaTabsBackground.png */; };
		202C99081507A6D300F031BA /* AquaTabsDown.png in Resources */ = {isa = PBXBuildFile; fileRef = 202C98E31507A6D300F031BA /* AquaTabsDown.png */; };
		202C99091507A6D300F031BA /* AquaTabsDownGraphite.png in Resources */ = {isa = PBXBuildFile; fileRef = 202C98E41507A6D300F031BA /* AquaTabsDownGraphite.png */; };
		202C990A1507A6D300F031BA /* AquaTabsDownNonKey.png in Resources */ = {isa = PBXBuildFile; fileRef = 202C98E51507A6D300F031BA /* AquaTabsDownNonKey.png */; };
		202C990B1507A6D300F031BA /* AquaTabsSeparator.png in Resources */ = {isa = PBXBuildFile; fileRef = 202C98E61507A6D300F031BA /* AquaTabsSeparator.png */; };
		202C990C1507A6D300F031BA /* AquaTabsSeparatorDown.png in Resources */ = {isa = PBXBuildFile; fileRef = 202C98E71507A6D300F031BA /* AquaTabsSeparatorDown.png */; };
		202C990D1507A6D300F031BA /* Folder.png in Resources */ = {isa = PBXBuildFile; fileRef = 202C98E81507A6D300F031BA /* Folder.png */; };
		202C990E1507A6D300F031BA /* Globe.png in Resources */ = {isa = PBXBuildFile; fileRef = 202C98E91507A6D300F031BA /* Globe.png */; };
		202C990F1507A6D300F031BA /* largeImage.png in Resources */ = {isa = PBXBuildFile; fileRef = 202C98EA1507A6D300F031BA /* largeImage.png */; };
		202C99101507A6D300F031BA /* mater_large.jpg in Resources */ = {isa = PBXBuildFile; fileRef = 202C98EB1507A6D300F031BA /* mater_large.jpg */; };
		202C99111507A6D300F031BA /* mcqueen_large.jpg in Resources */ = {isa = PBXBuildFile; fileRef = 202C98EC1507A6D300F031BA /* mcqueen_large.jpg */; };
		202C99121507A6D300F031BA /* overflowImage.png in Resources */ = {isa = PBXBuildFile; fileRef = 202C98ED1507A6D300F031BA /* overflowImage.png */; };
		202C99131507A6D300F031BA /* overflowImagePressed.png in Resources */ = {isa = PBXBuildFile; fileRef = 202C98EE1507A6D300F031BA /* overflowImagePressed.png */; };
		202C99141507A6D300F031BA /* pi.png in Resources */ = {isa = PBXBuildFile; fileRef = 202C98EF1507A6D300F031BA /* pi.png */; };
		202C99151507A6D300F031BA /* sally_large.jpg in Resources */ = {isa = PBXBuildFile; fileRef = 202C98F01507A6D300F031BA /* sally_large.jpg */; };
		202C99161507A6D300F031BA /* TabClose_Dirty.png in Resources */ = {isa = PBXBuildFile; fileRef = 202C98F11507A6D300F031BA /* TabClose_Dirty.png */; };
		202C99171507A6D300F031BA /* TabClose_Dirty_Pressed.png in Resources */ = {isa = PBXBuildFile; fileRef = 202C98F21507A6D300F031BA /* TabClose_Dirty_Pressed.png */; };
		202C99181507A6D300F031BA /* TabClose_Dirty_Rollover.png in Resources */ = {isa = PBXBuildFile; fileRef = 202C98F31507A6D300F031BA /* TabClose_Dirty_Rollover.png */; };
		202C99191507A6D300F031BA /* TabClose_Front.png in Resources */ = {isa = PBXBuildFile; fileRef = 202C98F41507A6D300F031BA /* TabClose_Front.png */; };
		202C991A1507A6D300F031BA /* TabClose_Front_Pressed.png in Resources */ = {isa = PBXBuildFile; fileRef = 202C98F51507A6D300F031BA /* TabClose_Front_Pressed.png */; };
		202C991B1507A6D300F031BA /* TabClose_Front_Rollover.png in Resources */ = {isa = PBXBuildFile; fileRef = 202C98F61507A6D300F031BA /* TabClose_Front_Rollover.png */; };
		202C991C1507A6D300F031BA /* TabNewMetal.png in Resources */ = {isa = PBXBuildFile; fileRef = 202C98F71507A6D300F031BA /* TabNewMetal.png */; };
		202C991D1507A6D300F031BA /* TabNewMetalPressed.png in Resources */ = {isa = PBXBuildFile; fileRef = 202C98F81507A6D300F031BA /* TabNewMetalPressed.png */; };
		202C991E1507A6D300F031BA /* TabNewMetalRollover.png in Resources */ = {isa = PBXBuildFile; fileRef = 202C98F91507A6D300F031BA /* TabNewMetalRollover.png */; };
		202C991F1507A6D300F031BA /* Warning.png in Resources */ = {isa = PBXBuildFile; fileRef = 202C98FA1507A6D300F031BA /* Warning.png */; };
		203AE70214F00DBD00D07E10 /* INAppStoreWindow.m in Sources */ = {isa = PBXBuildFile; fileRef = 203AE70114F00DBD00D07E10 /* INAppStoreWindow.m */; };
		203AE70514F014A000D07E10 /* WindowController.mm in Sources */ = {isa = PBXBuildFile; fileRef = 203AE70414F014A000D07E10 /* WindowController.mm */; };
		203AE70714F02B1700D07E10 /* WindowController.xib in Resources */ = {isa = PBXBuildFile; fileRef = 203AE70614F02B1700D07E10 /* WindowController.xib */; };
		2058101C14F3D60300EAAD8E /* TELineNumberMarker.m in Sources */ = {isa = PBXBuildFile; fileRef = 2058101B14F3D60300EAAD8E /* TELineNumberMarker.m */; };
		208CC71A14FA7CE100D64C4A /* TEGlyphStyle.m in Sources */ = {isa = PBXBuildFile; fileRef = 208CC71914FA7CE100D64C4A /* TEGlyphStyle.m */; };
		20FDEC9014F8F2F300556F76 /* TETextView.mm in Sources */ = {isa = PBXBuildFile; fileRef = 20FDEC8F14F8F2F300556F76 /* TETextView.mm */; };
		20FDECA114F91F4800556F76 /* TEV8.mm in Sources */ = {isa = PBXBuildFile; fileRef = 20FDECA014F91F4800556F76 /* TEV8.mm */; };
		20FDECB014F9ED5700556F76 /* TETextViewController.mm in Sources */ = {isa = PBXBuildFile; fileRef = 20FDECAE14F9ED5700556F76 /* TETextViewController.mm */; };
		20FDECB114F9ED5700556F76 /* TETextViewController.xib in Resources */ = {isa = PBXBuildFile; fileRef = 20FDECAF14F9ED5700556F76 /* TETextViewController.xib */; };
		2A17B9A014FB50A000B23641 /* TELineNumberView.m in Sources */ = {isa = PBXBuildFile; fileRef = 2A17B99F14FB50A000B23641 /* TELineNumberView.m */; };
		2A6561C91508B9700091A209 /* Localizable.strings in Resources */ = {isa = PBXBuildFile; fileRef = 2A6561C81508B9700091A209 /* Localizable.strings */; };
		2A9A80891505E1F30072781A /* NSBezierPath_AMShading.m in Sources */ = {isa = PBXBuildFile; fileRef = 2A9A806F1505E1F30072781A /* NSBezierPath_AMShading.m */; };
		2A9A808A1505E1F30072781A /* NSString_AITruncation.m in Sources */ = {isa = PBXBuildFile; fileRef = 2A9A80711505E1F30072781A /* NSString_AITruncation.m */; };
		2A9A808B1505E1F30072781A /* PSMMetalTabStyle.m in Sources */ = {isa = PBXBuildFile; fileRef = 2A9A80731505E1F30072781A /* PSMMetalTabStyle.m */; };
		2A9A808C1505E1F30072781A /* PSMOverflowPopUpButton.m in Sources */ = {isa = PBXBuildFile; fileRef = 2A9A80751505E1F30072781A /* PSMOverflowPopUpButton.m */; };
		2A9A808D1505E1F30072781A /* PSMProgressIndicator.m in Sources */ = {isa = PBXBuildFile; fileRef = 2A9A80771505E1F30072781A /* PSMProgressIndicator.m */; };
		2A9A808E1505E1F30072781A /* PSMRolloverButton.m in Sources */ = {isa = PBXBuildFile; fileRef = 2A9A80791505E1F30072781A /* PSMRolloverButton.m */; };
		2A9A808F1505E1F30072781A /* PSMTabBarCell.m in Sources */ = {isa = PBXBuildFile; fileRef = 2A9A807B1505E1F30072781A /* PSMTabBarCell.m */; };
		2A9A80901505E1F30072781A /* PSMTabBarControl.m in Sources */ = {isa = PBXBuildFile; fileRef = 2A9A807D1505E1F30072781A /* PSMTabBarControl.m */; };
		2A9A80911505E1F30072781A /* PSMTabBarController.m in Sources */ = {isa = PBXBuildFile; fileRef = 2A9A807F1505E1F30072781A /* PSMTabBarController.m */; };
		2A9A80921505E1F30072781A /* PSMTabDragAssistant.m in Sources */ = {isa = PBXBuildFile; fileRef = 2A9A80811505E1F30072781A /* PSMTabDragAssistant.m */; };
		2A9A80931505E1F30072781A /* PSMTabDragView.m in Sources */ = {isa = PBXBuildFile; fileRef = 2A9A80831505E1F30072781A /* PSMTabDragView.m */; };
		2A9A80941505E1F30072781A /* PSMTabDragWindow.m in Sources */ = {isa = PBXBuildFile; fileRef = 2A9A80851505E1F30072781A /* PSMTabDragWindow.m */; };
		2A9A80951505E1F30072781A /* PSMTabDragWindowController.m in Sources */ = {isa = PBXBuildFile; fileRef = 2A9A80871505E1F30072781A /* PSMTabDragWindowController.m */; };
		2AAA6DB014F20B88000BF463 /* EditorViewController.xib in Resources */ = {isa = PBXBuildFile; fileRef = 2AAA6DAE14F20B88000BF463 /* EditorViewController.xib */; };
		2AB5F1A51509C941000EDD54 /* TETabStorage.m in Sources */ = {isa = PBXBuildFile; fileRef = 2AB5F1A41509C941000EDD54 /* TETabStorage.m */; };
		2ABB27E614ECCF7100820C07 /* Cocoa.framework in Frameworks */ = {isa = PBXBuildFile; fileRef = 2ABB27E514ECCF7100820C07 /* Cocoa.framework */; };
		2ABB27F014ECCF7100820C07 /* InfoPlist.strings in Resources */ = {isa = PBXBuildFile; fileRef = 2ABB27EE14ECCF7100820C07 /* InfoPlist.strings */; };
		2ABB27F214ECCF7100820C07 /* main.m in Sources */ = {isa = PBXBuildFile; fileRef = 2ABB27F114ECCF7100820C07 /* main.m */; };
		2ABB27F614ECCF7100820C07 /* Credits.rtf in Resources */ = {isa = PBXBuildFile; fileRef = 2ABB27F414ECCF7100820C07 /* Credits.rtf */; };
		2ABB27F914ECCF7100820C07 /* SFAppDelegate.mm in Sources */ = {isa = PBXBuildFile; fileRef = 2ABB27F814ECCF7100820C07 /* SFAppDelegate.mm */; };
		2ABB27FC14ECCF7200820C07 /* MainMenu.xib in Resources */ = {isa = PBXBuildFile; fileRef = 2ABB27FA14ECCF7200820C07 /* MainMenu.xib */; };
		2ABB283814ECD69E00820C07 /* libv8.a in Frameworks */ = {isa = PBXBuildFile; fileRef = 2ABB283614ECD69E00820C07 /* libv8.a */; };
		2ABB283914ECD69E00820C07 /* libv8preparser.a in Frameworks */ = {isa = PBXBuildFile; fileRef = 2ABB283714ECD69E00820C07 /* libv8preparser.a */; };
		2AF4884014EE553C00F07726 /* init.js in Resources */ = {isa = PBXBuildFile; fileRef = 2AF4883E14EE54DE00F07726 /* init.js */; };
/* End PBXBuildFile section */

/* Begin PBXFileReference section */
		202C98CD1507A4B600F031BA /* TETabStyle.h */ = {isa = PBXFileReference; fileEncoding = 4; lastKnownFileType = sourcecode.c.h; path = TETabStyle.h; sourceTree = "<group>"; };
		202C98CE1507A4B600F031BA /* TETabStyle.m */ = {isa = PBXFileReference; fileEncoding = 4; lastKnownFileType = sourcecode.c.objc; path = TETabStyle.m; sourceTree = "<group>"; };
		202C98D61507A6D300F031BA /* 32x32_log.png */ = {isa = PBXFileReference; lastKnownFileType = image.png; path = 32x32_log.png; sourceTree = "<group>"; };
		202C98D71507A6D300F031BA /* 32x32cancel.png */ = {isa = PBXFileReference; lastKnownFileType = image.png; path = 32x32cancel.png; sourceTree = "<group>"; };
		202C98D81507A6D300F031BA /* AdiumGradient.png */ = {isa = PBXFileReference; lastKnownFileType = image.png; path = AdiumGradient.png; sourceTree = "<group>"; };
		202C98D91507A6D300F031BA /* AquaTabClose_Front.png */ = {isa = PBXFileReference; lastKnownFileType = image.png; path = AquaTabClose_Front.png; sourceTree = "<group>"; };
		202C98DA1507A6D300F031BA /* AquaTabClose_Front_Pressed.png */ = {isa = PBXFileReference; lastKnownFileType = image.png; path = AquaTabClose_Front_Pressed.png; sourceTree = "<group>"; };
		202C98DB1507A6D300F031BA /* AquaTabClose_Front_Rollover.png */ = {isa = PBXFileReference; lastKnownFileType = image.png; path = AquaTabClose_Front_Rollover.png; sourceTree = "<group>"; };
		202C98DC1507A6D300F031BA /* AquaTabCloseDirty_Front.png */ = {isa = PBXFileReference; lastKnownFileType = image.png; path = AquaTabCloseDirty_Front.png; sourceTree = "<group>"; };
		202C98DD1507A6D300F031BA /* AquaTabCloseDirty_Front_Pressed.png */ = {isa = PBXFileReference; lastKnownFileType = image.png; path = AquaTabCloseDirty_Front_Pressed.png; sourceTree = "<group>"; };
		202C98DE1507A6D300F031BA /* AquaTabCloseDirty_Front_Rollover.png */ = {isa = PBXFileReference; lastKnownFileType = image.png; path = AquaTabCloseDirty_Front_Rollover.png; sourceTree = "<group>"; };
		202C98DF1507A6D300F031BA /* AquaTabNew.png */ = {isa = PBXFileReference; lastKnownFileType = image.png; path = AquaTabNew.png; sourceTree = "<group>"; };
		202C98E01507A6D300F031BA /* AquaTabNewPressed.png */ = {isa = PBXFileReference; lastKnownFileType = image.png; path = AquaTabNewPressed.png; sourceTree = "<group>"; };
		202C98E11507A6D300F031BA /* AquaTabNewRollover.png */ = {isa = PBXFileReference; lastKnownFileType = image.png; path = AquaTabNewRollover.png; sourceTree = "<group>"; };
		202C98E21507A6D300F031BA /* AquaTabsBackground.png */ = {isa = PBXFileReference; lastKnownFileType = image.png; path = AquaTabsBackground.png; sourceTree = "<group>"; };
		202C98E31507A6D300F031BA /* AquaTabsDown.png */ = {isa = PBXFileReference; lastKnownFileType = image.png; path = AquaTabsDown.png; sourceTree = "<group>"; };
		202C98E41507A6D300F031BA /* AquaTabsDownGraphite.png */ = {isa = PBXFileReference; lastKnownFileType = image.png; path = AquaTabsDownGraphite.png; sourceTree = "<group>"; };
		202C98E51507A6D300F031BA /* AquaTabsDownNonKey.png */ = {isa = PBXFileReference; lastKnownFileType = image.png; path = AquaTabsDownNonKey.png; sourceTree = "<group>"; };
		202C98E61507A6D300F031BA /* AquaTabsSeparator.png */ = {isa = PBXFileReference; lastKnownFileType = image.png; path = AquaTabsSeparator.png; sourceTree = "<group>"; };
		202C98E71507A6D300F031BA /* AquaTabsSeparatorDown.png */ = {isa = PBXFileReference; lastKnownFileType = image.png; path = AquaTabsSeparatorDown.png; sourceTree = "<group>"; };
		202C98E81507A6D300F031BA /* Folder.png */ = {isa = PBXFileReference; lastKnownFileType = image.png; path = Folder.png; sourceTree = "<group>"; };
		202C98E91507A6D300F031BA /* Globe.png */ = {isa = PBXFileReference; lastKnownFileType = image.png; path = Globe.png; sourceTree = "<group>"; };
		202C98EA1507A6D300F031BA /* largeImage.png */ = {isa = PBXFileReference; lastKnownFileType = image.png; path = largeImage.png; sourceTree = "<group>"; };
		202C98EB1507A6D300F031BA /* mater_large.jpg */ = {isa = PBXFileReference; lastKnownFileType = image.jpeg; path = mater_large.jpg; sourceTree = "<group>"; };
		202C98EC1507A6D300F031BA /* mcqueen_large.jpg */ = {isa = PBXFileReference; lastKnownFileType = image.jpeg; path = mcqueen_large.jpg; sourceTree = "<group>"; };
		202C98ED1507A6D300F031BA /* overflowImage.png */ = {isa = PBXFileReference; lastKnownFileType = image.png; path = overflowImage.png; sourceTree = "<group>"; };
		202C98EE1507A6D300F031BA /* overflowImagePressed.png */ = {isa = PBXFileReference; lastKnownFileType = image.png; path = overflowImagePressed.png; sourceTree = "<group>"; };
		202C98EF1507A6D300F031BA /* pi.png */ = {isa = PBXFileReference; lastKnownFileType = image.png; path = pi.png; sourceTree = "<group>"; };
		202C98F01507A6D300F031BA /* sally_large.jpg */ = {isa = PBXFileReference; lastKnownFileType = image.jpeg; path = sally_large.jpg; sourceTree = "<group>"; };
		202C98F11507A6D300F031BA /* TabClose_Dirty.png */ = {isa = PBXFileReference; lastKnownFileType = image.png; path = TabClose_Dirty.png; sourceTree = "<group>"; };
		202C98F21507A6D300F031BA /* TabClose_Dirty_Pressed.png */ = {isa = PBXFileReference; lastKnownFileType = image.png; path = TabClose_Dirty_Pressed.png; sourceTree = "<group>"; };
		202C98F31507A6D300F031BA /* TabClose_Dirty_Rollover.png */ = {isa = PBXFileReference; lastKnownFileType = image.png; path = TabClose_Dirty_Rollover.png; sourceTree = "<group>"; };
		202C98F41507A6D300F031BA /* TabClose_Front.png */ = {isa = PBXFileReference; lastKnownFileType = image.png; path = TabClose_Front.png; sourceTree = "<group>"; };
		202C98F51507A6D300F031BA /* TabClose_Front_Pressed.png */ = {isa = PBXFileReference; lastKnownFileType = image.png; path = TabClose_Front_Pressed.png; sourceTree = "<group>"; };
		202C98F61507A6D300F031BA /* TabClose_Front_Rollover.png */ = {isa = PBXFileReference; lastKnownFileType = image.png; path = TabClose_Front_Rollover.png; sourceTree = "<group>"; };
		202C98F71507A6D300F031BA /* TabNewMetal.png */ = {isa = PBXFileReference; lastKnownFileType = image.png; path = TabNewMetal.png; sourceTree = "<group>"; };
		202C98F81507A6D300F031BA /* TabNewMetalPressed.png */ = {isa = PBXFileReference; lastKnownFileType = image.png; path = TabNewMetalPressed.png; sourceTree = "<group>"; };
		202C98F91507A6D300F031BA /* TabNewMetalRollover.png */ = {isa = PBXFileReference; lastKnownFileType = image.png; path = TabNewMetalRollover.png; sourceTree = "<group>"; };
		202C98FA1507A6D300F031BA /* Warning.png */ = {isa = PBXFileReference; lastKnownFileType = image.png; path = Warning.png; sourceTree = "<group>"; };
		203AE70014F00DBD00D07E10 /* INAppStoreWindow.h */ = {isa = PBXFileReference; fileEncoding = 4; lastKnownFileType = sourcecode.c.h; path = INAppStoreWindow.h; sourceTree = "<group>"; };
		203AE70114F00DBD00D07E10 /* INAppStoreWindow.m */ = {isa = PBXFileReference; fileEncoding = 4; lastKnownFileType = sourcecode.c.objc; path = INAppStoreWindow.m; sourceTree = "<group>"; };
		203AE70314F014A000D07E10 /* WindowController.h */ = {isa = PBXFileReference; fileEncoding = 4; lastKnownFileType = sourcecode.c.h; path = WindowController.h; sourceTree = "<group>"; };
		203AE70414F014A000D07E10 /* WindowController.mm */ = {isa = PBXFileReference; fileEncoding = 4; lastKnownFileType = sourcecode.cpp.objcpp; path = WindowController.mm; sourceTree = "<group>"; };
		203AE70614F02B1700D07E10 /* WindowController.xib */ = {isa = PBXFileReference; fileEncoding = 4; lastKnownFileType = file.xib; path = WindowController.xib; sourceTree = "<group>"; };
		2058101A14F3D60300EAAD8E /* TELineNumberMarker.h */ = {isa = PBXFileReference; fileEncoding = 4; lastKnownFileType = sourcecode.c.h; path = TELineNumberMarker.h; sourceTree = "<group>"; };
		2058101B14F3D60300EAAD8E /* TELineNumberMarker.m */ = {isa = PBXFileReference; fileEncoding = 4; lastKnownFileType = sourcecode.c.objc; path = TELineNumberMarker.m; sourceTree = "<group>"; };
		2058101D14F3F98800EAAD8E /* EditorTextViewDelegate.h */ = {isa = PBXFileReference; fileEncoding = 4; lastKnownFileType = sourcecode.c.h; path = EditorTextViewDelegate.h; sourceTree = "<group>"; };
		2072499514FE6D9700501B28 /* libicucore.dylib */ = {isa = PBXFileReference; lastKnownFileType = "compiled.mach-o.dylib"; name = libicucore.dylib; path = usr/lib/libicucore.dylib; sourceTree = SDKROOT; };
		2086D2A414F696FF0016BC47 /* EditorStyle.h */ = {isa = PBXFileReference; fileEncoding = 4; lastKnownFileType = sourcecode.c.h; path = EditorStyle.h; sourceTree = "<group>"; };
		2086D2A514F696FF0016BC47 /* EditorStyle.m */ = {isa = PBXFileReference; fileEncoding = 4; lastKnownFileType = sourcecode.c.objc; path = EditorStyle.m; sourceTree = "<group>"; };
		208CC71814FA7CE100D64C4A /* TEGlyphStyle.h */ = {isa = PBXFileReference; fileEncoding = 4; lastKnownFileType = sourcecode.c.h; path = TEGlyphStyle.h; sourceTree = "<group>"; };
		208CC71914FA7CE100D64C4A /* TEGlyphStyle.m */ = {isa = PBXFileReference; fileEncoding = 4; lastKnownFileType = sourcecode.c.objc; path = TEGlyphStyle.m; sourceTree = "<group>"; };
		208DFC1C14F2832C0067D6E1 /* EditorViewReplacement.h */ = {isa = PBXFileReference; fileEncoding = 4; lastKnownFileType = sourcecode.c.h; path = EditorViewReplacement.h; sourceTree = "<group>"; };
		208DFC1D14F2832C0067D6E1 /* EditorViewReplacement.m */ = {isa = PBXFileReference; fileEncoding = 4; lastKnownFileType = sourcecode.c.objc; path = EditorViewReplacement.m; sourceTree = "<group>"; };
		20FDEC8D14F8F17700556F76 /* TE.h */ = {isa = PBXFileReference; fileEncoding = 4; lastKnownFileType = sourcecode.c.h; path = TE.h; sourceTree = "<group>"; };
		20FDEC8E14F8F2F300556F76 /* TETextView.h */ = {isa = PBXFileReference; fileEncoding = 4; lastKnownFileType = sourcecode.c.h; path = TETextView.h; sourceTree = "<group>"; };
		20FDEC8F14F8F2F300556F76 /* TETextView.mm */ = {isa = PBXFileReference; fileEncoding = 4; lastKnownFileType = sourcecode.cpp.objcpp; path = TETextView.mm; sourceTree = "<group>"; };
		20FDEC9F14F91F4800556F76 /* TEV8.h */ = {isa = PBXFileReference; fileEncoding = 4; lastKnownFileType = sourcecode.c.h; path = TEV8.h; sourceTree = "<group>"; };
		20FDECA014F91F4800556F76 /* TEV8.mm */ = {isa = PBXFileReference; fileEncoding = 4; lastKnownFileType = sourcecode.cpp.objcpp; path = TEV8.mm; sourceTree = "<group>"; };
		20FDECAD14F9ED5700556F76 /* TETextViewController.h */ = {isa = PBXFileReference; fileEncoding = 4; lastKnownFileType = sourcecode.c.h; path = TETextViewController.h; sourceTree = "<group>"; };
		20FDECAE14F9ED5700556F76 /* TETextViewController.mm */ = {isa = PBXFileReference; fileEncoding = 4; lastKnownFileType = sourcecode.cpp.objcpp; path = TETextViewController.mm; sourceTree = "<group>"; };
		20FDECAF14F9ED5700556F76 /* TETextViewController.xib */ = {isa = PBXFileReference; fileEncoding = 4; lastKnownFileType = file.xib; path = TETextViewController.xib; sourceTree = "<group>"; };
		2A17B99E14FB50A000B23641 /* TELineNumberView.h */ = {isa = PBXFileReference; fileEncoding = 4; lastKnownFileType = sourcecode.c.h; path = TELineNumberView.h; sourceTree = "<group>"; };
		2A17B99F14FB50A000B23641 /* TELineNumberView.m */ = {isa = PBXFileReference; fileEncoding = 4; lastKnownFileType = sourcecode.c.objc; path = TELineNumberView.m; sourceTree = "<group>"; };
		2A3EEE2114F399CD007F0CE3 /* EditorTextView.h */ = {isa = PBXFileReference; fileEncoding = 4; lastKnownFileType = sourcecode.c.h; path = EditorTextView.h; sourceTree = "<group>"; };
		2A3EEE2214F399CD007F0CE3 /* EditorTextView.mm */ = {isa = PBXFileReference; fileEncoding = 4; lastKnownFileType = sourcecode.cpp.objcpp; path = EditorTextView.mm; sourceTree = "<group>"; };
		2A6561C81508B9700091A209 /* Localizable.strings */ = {isa = PBXFileReference; fileEncoding = 4; lastKnownFileType = text.plist.strings; path = Localizable.strings; sourceTree = "<group>"; };
		2A9A806D1505E1F30072781A /* Framework_Prefix.pch */ = {isa = PBXFileReference; fileEncoding = 4; lastKnownFileType = sourcecode.c.h; path = Framework_Prefix.pch; sourceTree = "<group>"; };
		2A9A806E1505E1F30072781A /* NSBezierPath_AMShading.h */ = {isa = PBXFileReference; fileEncoding = 4; lastKnownFileType = sourcecode.c.h; path = NSBezierPath_AMShading.h; sourceTree = "<group>"; };
		2A9A806F1505E1F30072781A /* NSBezierPath_AMShading.m */ = {isa = PBXFileReference; fileEncoding = 4; lastKnownFileType = sourcecode.c.objc; path = NSBezierPath_AMShading.m; sourceTree = "<group>"; };
		2A9A80701505E1F30072781A /* NSString_AITruncation.h */ = {isa = PBXFileReference; fileEncoding = 4; lastKnownFileType = sourcecode.c.h; path = NSString_AITruncation.h; sourceTree = "<group>"; };
		2A9A80711505E1F30072781A /* NSString_AITruncation.m */ = {isa = PBXFileReference; fileEncoding = 4; lastKnownFileType = sourcecode.c.objc; path = NSString_AITruncation.m; sourceTree = "<group>"; };
		2A9A80721505E1F30072781A /* PSMMetalTabStyle.h */ = {isa = PBXFileReference; fileEncoding = 4; lastKnownFileType = sourcecode.c.h; path = PSMMetalTabStyle.h; sourceTree = "<group>"; };
		2A9A80731505E1F30072781A /* PSMMetalTabStyle.m */ = {isa = PBXFileReference; fileEncoding = 4; lastKnownFileType = sourcecode.c.objc; path = PSMMetalTabStyle.m; sourceTree = "<group>"; };
		2A9A80741505E1F30072781A /* PSMOverflowPopUpButton.h */ = {isa = PBXFileReference; fileEncoding = 4; lastKnownFileType = sourcecode.c.h; path = PSMOverflowPopUpButton.h; sourceTree = "<group>"; };
		2A9A80751505E1F30072781A /* PSMOverflowPopUpButton.m */ = {isa = PBXFileReference; fileEncoding = 4; lastKnownFileType = sourcecode.c.objc; path = PSMOverflowPopUpButton.m; sourceTree = "<group>"; };
		2A9A80761505E1F30072781A /* PSMProgressIndicator.h */ = {isa = PBXFileReference; fileEncoding = 4; lastKnownFileType = sourcecode.c.h; path = PSMProgressIndicator.h; sourceTree = "<group>"; };
		2A9A80771505E1F30072781A /* PSMProgressIndicator.m */ = {isa = PBXFileReference; fileEncoding = 4; lastKnownFileType = sourcecode.c.objc; path = PSMProgressIndicator.m; sourceTree = "<group>"; };
		2A9A80781505E1F30072781A /* PSMRolloverButton.h */ = {isa = PBXFileReference; fileEncoding = 4; lastKnownFileType = sourcecode.c.h; path = PSMRolloverButton.h; sourceTree = "<group>"; };
		2A9A80791505E1F30072781A /* PSMRolloverButton.m */ = {isa = PBXFileReference; fileEncoding = 4; lastKnownFileType = sourcecode.c.objc; path = PSMRolloverButton.m; sourceTree = "<group>"; };
		2A9A807A1505E1F30072781A /* PSMTabBarCell.h */ = {isa = PBXFileReference; fileEncoding = 4; lastKnownFileType = sourcecode.c.h; path = PSMTabBarCell.h; sourceTree = "<group>"; };
		2A9A807B1505E1F30072781A /* PSMTabBarCell.m */ = {isa = PBXFileReference; fileEncoding = 4; lastKnownFileType = sourcecode.c.objc; path = PSMTabBarCell.m; sourceTree = "<group>"; };
		2A9A807C1505E1F30072781A /* PSMTabBarControl.h */ = {isa = PBXFileReference; fileEncoding = 4; lastKnownFileType = sourcecode.c.h; path = PSMTabBarControl.h; sourceTree = "<group>"; };
		2A9A807D1505E1F30072781A /* PSMTabBarControl.m */ = {isa = PBXFileReference; fileEncoding = 4; lastKnownFileType = sourcecode.c.objc; path = PSMTabBarControl.m; sourceTree = "<group>"; };
		2A9A807E1505E1F30072781A /* PSMTabBarController.h */ = {isa = PBXFileReference; fileEncoding = 4; lastKnownFileType = sourcecode.c.h; path = PSMTabBarController.h; sourceTree = "<group>"; };
		2A9A807F1505E1F30072781A /* PSMTabBarController.m */ = {isa = PBXFileReference; fileEncoding = 4; lastKnownFileType = sourcecode.c.objc; path = PSMTabBarController.m; sourceTree = "<group>"; };
		2A9A80801505E1F30072781A /* PSMTabDragAssistant.h */ = {isa = PBXFileReference; fileEncoding = 4; lastKnownFileType = sourcecode.c.h; path = PSMTabDragAssistant.h; sourceTree = "<group>"; };
		2A9A80811505E1F30072781A /* PSMTabDragAssistant.m */ = {isa = PBXFileReference; fileEncoding = 4; lastKnownFileType = sourcecode.c.objc; path = PSMTabDragAssistant.m; sourceTree = "<group>"; };
		2A9A80821505E1F30072781A /* PSMTabDragView.h */ = {isa = PBXFileReference; fileEncoding = 4; lastKnownFileType = sourcecode.c.h; path = PSMTabDragView.h; sourceTree = "<group>"; };
		2A9A80831505E1F30072781A /* PSMTabDragView.m */ = {isa = PBXFileReference; fileEncoding = 4; lastKnownFileType = sourcecode.c.objc; path = PSMTabDragView.m; sourceTree = "<group>"; };
		2A9A80841505E1F30072781A /* PSMTabDragWindow.h */ = {isa = PBXFileReference; fileEncoding = 4; lastKnownFileType = sourcecode.c.h; path = PSMTabDragWindow.h; sourceTree = "<group>"; };
		2A9A80851505E1F30072781A /* PSMTabDragWindow.m */ = {isa = PBXFileReference; fileEncoding = 4; lastKnownFileType = sourcecode.c.objc; path = PSMTabDragWindow.m; sourceTree = "<group>"; };
		2A9A80861505E1F30072781A /* PSMTabDragWindowController.h */ = {isa = PBXFileReference; fileEncoding = 4; lastKnownFileType = sourcecode.c.h; path = PSMTabDragWindowController.h; sourceTree = "<group>"; };
		2A9A80871505E1F30072781A /* PSMTabDragWindowController.m */ = {isa = PBXFileReference; fileEncoding = 4; lastKnownFileType = sourcecode.c.objc; path = PSMTabDragWindowController.m; sourceTree = "<group>"; };
		2A9A80881505E1F30072781A /* PSMTabStyle.h */ = {isa = PBXFileReference; fileEncoding = 4; lastKnownFileType = sourcecode.c.h; path = PSMTabStyle.h; sourceTree = "<group>"; };
		2AAA6DAC14F20B88000BF463 /* EditorViewController.h */ = {isa = PBXFileReference; fileEncoding = 4; lastKnownFileType = sourcecode.c.h; path = EditorViewController.h; sourceTree = "<group>"; };
		2AAA6DAD14F20B88000BF463 /* EditorViewController.mm */ = {isa = PBXFileReference; fileEncoding = 4; lastKnownFileType = sourcecode.cpp.objcpp; path = EditorViewController.mm; sourceTree = "<group>"; };
		2AAA6DAE14F20B88000BF463 /* EditorViewController.xib */ = {isa = PBXFileReference; fileEncoding = 4; lastKnownFileType = file.xib; path = EditorViewController.xib; sourceTree = "<group>"; };
		2AB5F1A31509C941000EDD54 /* TETabStorage.h */ = {isa = PBXFileReference; fileEncoding = 4; lastKnownFileType = sourcecode.c.h; path = TETabStorage.h; sourceTree = "<group>"; };
		2AB5F1A41509C941000EDD54 /* TETabStorage.m */ = {isa = PBXFileReference; fileEncoding = 4; lastKnownFileType = sourcecode.c.objc; path = TETabStorage.m; sourceTree = "<group>"; };
		2ABB27E114ECCF7100820C07 /* typeditor.app */ = {isa = PBXFileReference; explicitFileType = wrapper.application; includeInIndex = 0; path = typeditor.app; sourceTree = BUILT_PRODUCTS_DIR; };
		2ABB27E514ECCF7100820C07 /* Cocoa.framework */ = {isa = PBXFileReference; lastKnownFileType = wrapper.framework; name = Cocoa.framework; path = System/Library/Frameworks/Cocoa.framework; sourceTree = SDKROOT; };
		2ABB27E814ECCF7100820C07 /* AppKit.framework */ = {isa = PBXFileReference; lastKnownFileType = wrapper.framework; name = AppKit.framework; path = System/Library/Frameworks/AppKit.framework; sourceTree = SDKROOT; };
		2ABB27E914ECCF7100820C07 /* CoreData.framework */ = {isa = PBXFileReference; lastKnownFileType = wrapper.framework; name = CoreData.framework; path = System/Library/Frameworks/CoreData.framework; sourceTree = SDKROOT; };
		2ABB27EA14ECCF7100820C07 /* Foundation.framework */ = {isa = PBXFileReference; lastKnownFileType = wrapper.framework; name = Foundation.framework; path = System/Library/Frameworks/Foundation.framework; sourceTree = SDKROOT; };
		2ABB27ED14ECCF7100820C07 /* typeditor-Info.plist */ = {isa = PBXFileReference; lastKnownFileType = text.plist.xml; path = "typeditor-Info.plist"; sourceTree = "<group>"; };
		2ABB27EF14ECCF7100820C07 /* en */ = {isa = PBXFileReference; lastKnownFileType = text.plist.strings; name = en; path = en.lproj/InfoPlist.strings; sourceTree = "<group>"; };
		2ABB27F114ECCF7100820C07 /* main.m */ = {isa = PBXFileReference; lastKnownFileType = sourcecode.c.objc; path = main.m; sourceTree = "<group>"; };
		2ABB27F314ECCF7100820C07 /* typeditor-Prefix.pch */ = {isa = PBXFileReference; lastKnownFileType = sourcecode.c.h; path = "typeditor-Prefix.pch"; sourceTree = "<group>"; };
		2ABB27F514ECCF7100820C07 /* en */ = {isa = PBXFileReference; lastKnownFileType = text.rtf; name = en; path = en.lproj/Credits.rtf; sourceTree = "<group>"; };
		2ABB27F714ECCF7100820C07 /* SFAppDelegate.h */ = {isa = PBXFileReference; lastKnownFileType = sourcecode.c.h; path = SFAppDelegate.h; sourceTree = "<group>"; };
		2ABB27F814ECCF7100820C07 /* SFAppDelegate.mm */ = {isa = PBXFileReference; lastKnownFileType = sourcecode.cpp.objcpp; path = SFAppDelegate.mm; sourceTree = "<group>"; };
		2ABB27FB14ECCF7200820C07 /* en */ = {isa = PBXFileReference; lastKnownFileType = file.xib; name = en; path = en.lproj/MainMenu.xib; sourceTree = "<group>"; };
		2ABB280314ECCF7200820C07 /* SenTestingKit.framework */ = {isa = PBXFileReference; lastKnownFileType = wrapper.framework; name = SenTestingKit.framework; path = Library/Frameworks/SenTestingKit.framework; sourceTree = DEVELOPER_DIR; };
		2ABB283614ECD69E00820C07 /* libv8.a */ = {isa = PBXFileReference; lastKnownFileType = archive.ar; name = libv8.a; path = v8/lib/libv8.a; sourceTree = "<group>"; };
		2ABB283714ECD69E00820C07 /* libv8preparser.a */ = {isa = PBXFileReference; lastKnownFileType = archive.ar; name = libv8preparser.a; path = v8/lib/libv8preparser.a; sourceTree = "<group>"; };
		2AF4883414EE3CE500F07726 /* V8Cocoa.h */ = {isa = PBXFileReference; fileEncoding = 4; lastKnownFileType = sourcecode.c.h; path = V8Cocoa.h; sourceTree = "<group>"; };
		2AF4883514EE3CE500F07726 /* V8Cocoa.mm */ = {isa = PBXFileReference; fileEncoding = 4; lastKnownFileType = sourcecode.cpp.objcpp; path = V8Cocoa.mm; sourceTree = "<group>"; };
		2AF4883E14EE54DE00F07726 /* init.js */ = {isa = PBXFileReference; fileEncoding = 4; lastKnownFileType = sourcecode.javascript; path = init.js; sourceTree = "<group>"; };
/* End PBXFileReference section */

/* Begin PBXFrameworksBuildPhase section */
		2ABB27DE14ECCF7100820C07 /* Frameworks */ = {
			isa = PBXFrameworksBuildPhase;
			buildActionMask = 2147483647;
			files = (
				2ABB27E614ECCF7100820C07 /* Cocoa.framework in Frameworks */,
				2ABB283814ECD69E00820C07 /* libv8.a in Frameworks */,
				2ABB283914ECD69E00820C07 /* libv8preparser.a in Frameworks */,
			);
			runOnlyForDeploymentPostprocessing = 0;
		};
/* End PBXFrameworksBuildPhase section */

/* Begin PBXGroup section */
		2001408414FF19BB006AE993 /* res */ = {
			isa = PBXGroup;
			children = (
			);
			name = res;
			sourceTree = "<group>";
		};
		202C98D51507A6D300F031BA /* images */ = {
			isa = PBXGroup;
			children = (
				202C98D61507A6D300F031BA /* 32x32_log.png */,
				202C98D71507A6D300F031BA /* 32x32cancel.png */,
				202C98D81507A6D300F031BA /* AdiumGradient.png */,
				202C98D91507A6D300F031BA /* AquaTabClose_Front.png */,
				202C98DA1507A6D300F031BA /* AquaTabClose_Front_Pressed.png */,
				202C98DB1507A6D300F031BA /* AquaTabClose_Front_Rollover.png */,
				202C98DC1507A6D300F031BA /* AquaTabCloseDirty_Front.png */,
				202C98DD1507A6D300F031BA /* AquaTabCloseDirty_Front_Pressed.png */,
				202C98DE1507A6D300F031BA /* AquaTabCloseDirty_Front_Rollover.png */,
				202C98DF1507A6D300F031BA /* AquaTabNew.png */,
				202C98E01507A6D300F031BA /* AquaTabNewPressed.png */,
				202C98E11507A6D300F031BA /* AquaTabNewRollover.png */,
				202C98E21507A6D300F031BA /* AquaTabsBackground.png */,
				202C98E31507A6D300F031BA /* AquaTabsDown.png */,
				202C98E41507A6D300F031BA /* AquaTabsDownGraphite.png */,
				202C98E51507A6D300F031BA /* AquaTabsDownNonKey.png */,
				202C98E61507A6D300F031BA /* AquaTabsSeparator.png */,
				202C98E71507A6D300F031BA /* AquaTabsSeparatorDown.png */,
				202C98E81507A6D300F031BA /* Folder.png */,
				202C98E91507A6D300F031BA /* Globe.png */,
				202C98EA1507A6D300F031BA /* largeImage.png */,
				202C98EB1507A6D300F031BA /* mater_large.jpg */,
				202C98EC1507A6D300F031BA /* mcqueen_large.jpg */,
				202C98ED1507A6D300F031BA /* overflowImage.png */,
				202C98EE1507A6D300F031BA /* overflowImagePressed.png */,
				202C98EF1507A6D300F031BA /* pi.png */,
				202C98F01507A6D300F031BA /* sally_large.jpg */,
				202C98F11507A6D300F031BA /* TabClose_Dirty.png */,
				202C98F21507A6D300F031BA /* TabClose_Dirty_Pressed.png */,
				202C98F31507A6D300F031BA /* TabClose_Dirty_Rollover.png */,
				202C98F41507A6D300F031BA /* TabClose_Front.png */,
				202C98F51507A6D300F031BA /* TabClose_Front_Pressed.png */,
				202C98F61507A6D300F031BA /* TabClose_Front_Rollover.png */,
				202C98F71507A6D300F031BA /* TabNewMetal.png */,
				202C98F81507A6D300F031BA /* TabNewMetalPressed.png */,
				202C98F91507A6D300F031BA /* TabNewMetalRollover.png */,
				202C98FA1507A6D300F031BA /* Warning.png */,
			);
			path = images;
			sourceTree = "<group>";
		};
		203AE6FF14F00DA700D07E10 /* View */ = {
			isa = PBXGroup;
			children = (
				2A3EEE2114F399CD007F0CE3 /* EditorTextView.h */,
				2A3EEE2214F399CD007F0CE3 /* EditorTextView.mm */,
			);
			name = View;
			sourceTree = "<group>";
		};
		208DFC1A14F282DC0067D6E1 /* Class */ = {
			isa = PBXGroup;
			children = (
				208DFC1C14F2832C0067D6E1 /* EditorViewReplacement.h */,
				208DFC1D14F2832C0067D6E1 /* EditorViewReplacement.m */,
				2058101D14F3F98800EAAD8E /* EditorTextViewDelegate.h */,
				2086D2A414F696FF0016BC47 /* EditorStyle.h */,
				2086D2A514F696FF0016BC47 /* EditorStyle.m */,
			);
			name = Class;
			sourceTree = "<group>";
		};
		20FDEC8C14F8F00200556F76 /* src */ = {
			isa = PBXGroup;
			children = (
				2A9A806C1505E1F30072781A /* PSMTabBarControl */,
				20FDEC8D14F8F17700556F76 /* TE.h */,
				203AE70014F00DBD00D07E10 /* INAppStoreWindow.h */,
				203AE70114F00DBD00D07E10 /* INAppStoreWindow.m */,
				2A17B99E14FB50A000B23641 /* TELineNumberView.h */,
				2A17B99F14FB50A000B23641 /* TELineNumberView.m */,
				2058101A14F3D60300EAAD8E /* TELineNumberMarker.h */,
				2058101B14F3D60300EAAD8E /* TELineNumberMarker.m */,
				20FDEC8E14F8F2F300556F76 /* TETextView.h */,
				20FDEC8F14F8F2F300556F76 /* TETextView.mm */,
				20FDEC9F14F91F4800556F76 /* TEV8.h */,
				20FDECA014F91F4800556F76 /* TEV8.mm */,
				20FDECAD14F9ED5700556F76 /* TETextViewController.h */,
				20FDECAE14F9ED5700556F76 /* TETextViewController.mm */,
				20FDECAF14F9ED5700556F76 /* TETextViewController.xib */,
				208CC71814FA7CE100D64C4A /* TEGlyphStyle.h */,
				208CC71914FA7CE100D64C4A /* TEGlyphStyle.m */,
				203AE70314F014A000D07E10 /* WindowController.h */,
				203AE70414F014A000D07E10 /* WindowController.mm */,
				203AE70614F02B1700D07E10 /* WindowController.xib */,
				202C98CD1507A4B600F031BA /* TETabStyle.h */,
				202C98CE1507A4B600F031BA /* TETabStyle.m */,
				2AB5F1A31509C941000EDD54 /* TETabStorage.h */,
				2AB5F1A41509C941000EDD54 /* TETabStorage.m */,
			);
			name = src;
			sourceTree = "<group>";
		};
		2A9A806C1505E1F30072781A /* PSMTabBarControl */ = {
			isa = PBXGroup;
			children = (
				202C98D51507A6D300F031BA /* images */,
				2A9A806D1505E1F30072781A /* Framework_Prefix.pch */,
				2A9A806E1505E1F30072781A /* NSBezierPath_AMShading.h */,
				2A9A806F1505E1F30072781A /* NSBezierPath_AMShading.m */,
				2A9A80701505E1F30072781A /* NSString_AITruncation.h */,
				2A9A80711505E1F30072781A /* NSString_AITruncation.m */,
				2A9A80721505E1F30072781A /* PSMMetalTabStyle.h */,
				2A9A80731505E1F30072781A /* PSMMetalTabStyle.m */,
				2A9A80741505E1F30072781A /* PSMOverflowPopUpButton.h */,
				2A9A80751505E1F30072781A /* PSMOverflowPopUpButton.m */,
				2A9A80761505E1F30072781A /* PSMProgressIndicator.h */,
				2A9A80771505E1F30072781A /* PSMProgressIndicator.m */,
				2A9A80781505E1F30072781A /* PSMRolloverButton.h */,
				2A9A80791505E1F30072781A /* PSMRolloverButton.m */,
				2A9A807A1505E1F30072781A /* PSMTabBarCell.h */,
				2A9A807B1505E1F30072781A /* PSMTabBarCell.m */,
				2A9A807C1505E1F30072781A /* PSMTabBarControl.h */,
				2A9A807D1505E1F30072781A /* PSMTabBarControl.m */,
				2A9A807E1505E1F30072781A /* PSMTabBarController.h */,
				2A9A807F1505E1F30072781A /* PSMTabBarController.m */,
				2A9A80801505E1F30072781A /* PSMTabDragAssistant.h */,
				2A9A80811505E1F30072781A /* PSMTabDragAssistant.m */,
				2A9A80821505E1F30072781A /* PSMTabDragView.h */,
				2A9A80831505E1F30072781A /* PSMTabDragView.m */,
				2A9A80841505E1F30072781A /* PSMTabDragWindow.h */,
				2A9A80851505E1F30072781A /* PSMTabDragWindow.m */,
				2A9A80861505E1F30072781A /* PSMTabDragWindowController.h */,
				2A9A80871505E1F30072781A /* PSMTabDragWindowController.m */,
				2A9A80881505E1F30072781A /* PSMTabStyle.h */,
			);
			path = PSMTabBarControl;
			sourceTree = "<group>";
		};
		2ABB27D614ECCF7100820C07 = {
			isa = PBXGroup;
			children = (
				2ABB27EB14ECCF7100820C07 /* typeditor */,
				2ABB27E414ECCF7100820C07 /* Frameworks */,
				2ABB27E214ECCF7100820C07 /* Products */,
			);
			sourceTree = "<group>";
		};
		2ABB27E214ECCF7100820C07 /* Products */ = {
			isa = PBXGroup;
			children = (
				2ABB27E114ECCF7100820C07 /* typeditor.app */,
			);
			name = Products;
			sourceTree = "<group>";
		};
		2ABB27E414ECCF7100820C07 /* Frameworks */ = {
			isa = PBXGroup;
			children = (
				2072499514FE6D9700501B28 /* libicucore.dylib */,
				2ABB283614ECD69E00820C07 /* libv8.a */,
				2ABB283714ECD69E00820C07 /* libv8preparser.a */,
				2ABB27E514ECCF7100820C07 /* Cocoa.framework */,
				2ABB280314ECCF7200820C07 /* SenTestingKit.framework */,
				2ABB27E714ECCF7100820C07 /* Other Frameworks */,
			);
			name = Frameworks;
			sourceTree = "<group>";
		};
		2ABB27E714ECCF7100820C07 /* Other Frameworks */ = {
			isa = PBXGroup;
			children = (
				2ABB27E814ECCF7100820C07 /* AppKit.framework */,
				2ABB27E914ECCF7100820C07 /* CoreData.framework */,
				2ABB27EA14ECCF7100820C07 /* Foundation.framework */,
			);
			name = "Other Frameworks";
			sourceTree = "<group>";
		};
		2ABB27EB14ECCF7100820C07 /* typeditor */ = {
			isa = PBXGroup;
			children = (
				2001408414FF19BB006AE993 /* res */,
				20FDEC8C14F8F00200556F76 /* src */,
				208DFC1A14F282DC0067D6E1 /* Class */,
				203AE6FF14F00DA700D07E10 /* View */,
				2AF4883D14EE54C100F07726 /* JS */,
				2AF4883714EE3CF700F07726 /* V8 */,
				2ABB283F14ECDC8F00820C07 /* Controller */,
				2ABB27F714ECCF7100820C07 /* SFAppDelegate.h */,
				2ABB27F814ECCF7100820C07 /* SFAppDelegate.mm */,
				2ABB27FA14ECCF7200820C07 /* MainMenu.xib */,
				2ABB27EC14ECCF7100820C07 /* Supporting Files */,
			);
			path = typeditor;
			sourceTree = "<group>";
		};
		2ABB27EC14ECCF7100820C07 /* Supporting Files */ = {
			isa = PBXGroup;
			children = (
				2ABB27ED14ECCF7100820C07 /* typeditor-Info.plist */,
				2ABB27EE14ECCF7100820C07 /* InfoPlist.strings */,
				2ABB27F114ECCF7100820C07 /* main.m */,
				2ABB27F314ECCF7100820C07 /* typeditor-Prefix.pch */,
				2ABB27F414ECCF7100820C07 /* Credits.rtf */,
				2A6561C81508B9700091A209 /* Localizable.strings */,
			);
			name = "Supporting Files";
			sourceTree = "<group>";
		};
		2ABB283F14ECDC8F00820C07 /* Controller */ = {
			isa = PBXGroup;
			children = (
				2AAA6DAC14F20B88000BF463 /* EditorViewController.h */,
				2AAA6DAD14F20B88000BF463 /* EditorViewController.mm */,
				2AAA6DAE14F20B88000BF463 /* EditorViewController.xib */,
			);
			name = Controller;
			sourceTree = "<group>";
		};
		2AF4883714EE3CF700F07726 /* V8 */ = {
			isa = PBXGroup;
			children = (
				2AF4883414EE3CE500F07726 /* V8Cocoa.h */,
				2AF4883514EE3CE500F07726 /* V8Cocoa.mm */,
			);
			name = V8;
			sourceTree = "<group>";
		};
		2AF4883D14EE54C100F07726 /* JS */ = {
			isa = PBXGroup;
			children = (
				2AF4883E14EE54DE00F07726 /* init.js */,
			);
			name = JS;
			sourceTree = "<group>";
		};
/* End PBXGroup section */

/* Begin PBXNativeTarget section */
		2ABB27E014ECCF7100820C07 /* typeditor */ = {
			isa = PBXNativeTarget;
			buildConfigurationList = 2ABB281314ECCF7200820C07 /* Build configuration list for PBXNativeTarget "typeditor" */;
			buildPhases = (
				2ABB27DD14ECCF7100820C07 /* Sources */,
				2ABB27DE14ECCF7100820C07 /* Frameworks */,
				2ABB27DF14ECCF7100820C07 /* Resources */,
			);
			buildRules = (
			);
			dependencies = (
			);
			name = typeditor;
			productName = typeditor;
			productReference = 2ABB27E114ECCF7100820C07 /* typeditor.app */;
			productType = "com.apple.product-type.application";
		};
/* End PBXNativeTarget section */

/* Begin PBXProject section */
		2ABB27D814ECCF7100820C07 /* Project object */ = {
			isa = PBXProject;
			attributes = {
				LastUpgradeCheck = 0420;
				ORGANIZATIONNAME = MagnetJoy;
			};
			buildConfigurationList = 2ABB27DB14ECCF7100820C07 /* Build configuration list for PBXProject "typeditor" */;
			compatibilityVersion = "Xcode 3.2";
			developmentRegion = English;
			hasScannedForEncodings = 0;
			knownRegions = (
				en,
			);
			mainGroup = 2ABB27D614ECCF7100820C07;
			productRefGroup = 2ABB27E214ECCF7100820C07 /* Products */;
			projectDirPath = "";
			projectRoot = "";
			targets = (
				2ABB27E014ECCF7100820C07 /* typeditor */,
			);
		};
/* End PBXProject section */

/* Begin PBXResourcesBuildPhase section */
		2ABB27DF14ECCF7100820C07 /* Resources */ = {
			isa = PBXResourcesBuildPhase;
			buildActionMask = 2147483647;
			files = (
				2AF4884014EE553C00F07726 /* init.js in Resources */,
				2ABB27F014ECCF7100820C07 /* InfoPlist.strings in Resources */,
				2ABB27F614ECCF7100820C07 /* Credits.rtf in Resources */,
				2ABB27FC14ECCF7200820C07 /* MainMenu.xib in Resources */,
				203AE70714F02B1700D07E10 /* WindowController.xib in Resources */,
				2AAA6DB014F20B88000BF463 /* EditorViewController.xib in Resources */,
				20FDECB114F9ED5700556F76 /* TETextViewController.xib in Resources */,
				202C98FB1507A6D300F031BA /* 32x32_log.png in Resources */,
				202C98FC1507A6D300F031BA /* 32x32cancel.png in Resources */,
				202C98FD1507A6D300F031BA /* AdiumGradient.png in Resources */,
				202C98FE1507A6D300F031BA /* AquaTabClose_Front.png in Resources */,
				202C98FF1507A6D300F031BA /* AquaTabClose_Front_Pressed.png in Resources */,
				202C99001507A6D300F031BA /* AquaTabClose_Front_Rollover.png in Resources */,
				202C99011507A6D300F031BA /* AquaTabCloseDirty_Front.png in Resources */,
				202C99021507A6D300F031BA /* AquaTabCloseDirty_Front_Pressed.png in Resources */,
				202C99031507A6D300F031BA /* AquaTabCloseDirty_Front_Rollover.png in Resources */,
				202C99041507A6D300F031BA /* AquaTabNew.png in Resources */,
				202C99051507A6D300F031BA /* AquaTabNewPressed.png in Resources */,
				202C99061507A6D300F031BA /* AquaTabNewRollover.png in Resources */,
				202C99071507A6D300F031BA /* AquaTabsBackground.png in Resources */,
				202C99081507A6D300F031BA /* AquaTabsDown.png in Resources */,
				202C99091507A6D300F031BA /* AquaTabsDownGraphite.png in Resources */,
				202C990A1507A6D300F031BA /* AquaTabsDownNonKey.png in Resources */,
				202C990B1507A6D300F031BA /* AquaTabsSeparator.png in Resources */,
				202C990C1507A6D300F031BA /* AquaTabsSeparatorDown.png in Resources */,
				202C990D1507A6D300F031BA /* Folder.png in Resources */,
				202C990E1507A6D300F031BA /* Globe.png in Resources */,
				202C990F1507A6D300F031BA /* largeImage.png in Resources */,
				202C99101507A6D300F031BA /* mater_large.jpg in Resources */,
				202C99111507A6D300F031BA /* mcqueen_large.jpg in Resources */,
				202C99121507A6D300F031BA /* overflowImage.png in Resources */,
				202C99131507A6D300F031BA /* overflowImagePressed.png in Resources */,
				202C99141507A6D300F031BA /* pi.png in Resources */,
				202C99151507A6D300F031BA /* sally_large.jpg in Resources */,
				202C99161507A6D300F031BA /* TabClose_Dirty.png in Resources */,
				202C99171507A6D300F031BA /* TabClose_Dirty_Pressed.png in Resources */,
				202C99181507A6D300F031BA /* TabClose_Dirty_Rollover.png in Resources */,
				202C99191507A6D300F031BA /* TabClose_Front.png in Resources */,
				202C991A1507A6D300F031BA /* TabClose_Front_Pressed.png in Resources */,
				202C991B1507A6D300F031BA /* TabClose_Front_Rollover.png in Resources */,
				202C991C1507A6D300F031BA /* TabNewMetal.png in Resources */,
				202C991D1507A6D300F031BA /* TabNewMetalPressed.png in Resources */,
				202C991E1507A6D300F031BA /* TabNewMetalRollover.png in Resources */,
				202C991F1507A6D300F031BA /* Warning.png in Resources */,
				2A6561C91508B9700091A209 /* Localizable.strings in Resources */,
			);
			runOnlyForDeploymentPostprocessing = 0;
		};
/* End PBXResourcesBuildPhase section */

/* Begin PBXSourcesBuildPhase section */
		2ABB27DD14ECCF7100820C07 /* Sources */ = {
			isa = PBXSourcesBuildPhase;
			buildActionMask = 2147483647;
			files = (
				2ABB27F214ECCF7100820C07 /* main.m in Sources */,
				2ABB27F914ECCF7100820C07 /* SFAppDelegate.mm in Sources */,
				203AE70214F00DBD00D07E10 /* INAppStoreWindow.m in Sources */,
				203AE70514F014A000D07E10 /* WindowController.mm in Sources */,
				2058101C14F3D60300EAAD8E /* TELineNumberMarker.m in Sources */,
				20FDEC9014F8F2F300556F76 /* TETextView.mm in Sources */,
				20FDECA114F91F4800556F76 /* TEV8.mm in Sources */,
				20FDECB014F9ED5700556F76 /* TETextViewController.mm in Sources */,
				208CC71A14FA7CE100D64C4A /* TEGlyphStyle.m in Sources */,
				2A17B9A014FB50A000B23641 /* TELineNumberView.m in Sources */,
				2A9A80891505E1F30072781A /* NSBezierPath_AMShading.m in Sources */,
				2A9A808A1505E1F30072781A /* NSString_AITruncation.m in Sources */,
				2A9A808B1505E1F30072781A /* PSMMetalTabStyle.m in Sources */,
				2A9A808C1505E1F30072781A /* PSMOverflowPopUpButton.m in Sources */,
				2A9A808D1505E1F30072781A /* PSMProgressIndicator.m in Sources */,
				2A9A808E1505E1F30072781A /* PSMRolloverButton.m in Sources */,
				2A9A808F1505E1F30072781A /* PSMTabBarCell.m in Sources */,
				2A9A80901505E1F30072781A /* PSMTabBarControl.m in Sources */,
				2A9A80911505E1F30072781A /* PSMTabBarController.m in Sources */,
				2A9A80921505E1F30072781A /* PSMTabDragAssistant.m in Sources */,
				2A9A80931505E1F30072781A /* PSMTabDragView.m in Sources */,
				2A9A80941505E1F30072781A /* PSMTabDragWindow.m in Sources */,
				2A9A80951505E1F30072781A /* PSMTabDragWindowController.m in Sources */,
				202C98CF1507A4B600F031BA /* TETabStyle.m in Sources */,
				2AB5F1A51509C941000EDD54 /* TETabStorage.m in Sources */,
			);
			runOnlyForDeploymentPostprocessing = 0;
		};
/* End PBXSourcesBuildPhase section */

/* Begin PBXVariantGroup section */
		2ABB27EE14ECCF7100820C07 /* InfoPlist.strings */ = {
			isa = PBXVariantGroup;
			children = (
				2ABB27EF14ECCF7100820C07 /* en */,
			);
			name = InfoPlist.strings;
			sourceTree = "<group>";
		};
		2ABB27F414ECCF7100820C07 /* Credits.rtf */ = {
			isa = PBXVariantGroup;
			children = (
				2ABB27F514ECCF7100820C07 /* en */,
			);
			name = Credits.rtf;
			sourceTree = "<group>";
		};
		2ABB27FA14ECCF7200820C07 /* MainMenu.xib */ = {
			isa = PBXVariantGroup;
			children = (
				2ABB27FB14ECCF7200820C07 /* en */,
			);
			name = MainMenu.xib;
			sourceTree = "<group>";
		};
/* End PBXVariantGroup section */

/* Begin XCBuildConfiguration section */
		2ABB281114ECCF7200820C07 /* Debug */ = {
			isa = XCBuildConfiguration;
			buildSettings = {
				ALWAYS_SEARCH_USER_PATHS = NO;
				ARCHS = "$(ARCHS_STANDARD_64_BIT)";
				CLANG_ENABLE_OBJC_ARC = YES;
				COPY_PHASE_STRIP = NO;
				GCC_C_LANGUAGE_STANDARD = gnu99;
				GCC_DYNAMIC_NO_PIC = NO;
				GCC_ENABLE_OBJC_EXCEPTIONS = YES;
				GCC_OPTIMIZATION_LEVEL = 0;
				GCC_PREPROCESSOR_DEFINITIONS = (
					"DEBUG=1",
					"$(inherited)",
				);
				GCC_SYMBOLS_PRIVATE_EXTERN = NO;
				GCC_VERSION = com.apple.compilers.llvm.clang.1_0;
				GCC_WARN_64_TO_32_BIT_CONVERSION = YES;
				GCC_WARN_ABOUT_MISSING_PROTOTYPES = YES;
				GCC_WARN_ABOUT_RETURN_TYPE = YES;
				GCC_WARN_UNUSED_VARIABLE = YES;
				MACOSX_DEPLOYMENT_TARGET = 10.7;
				ONLY_ACTIVE_ARCH = YES;
				SDKROOT = macosx;
			};
			name = Debug;
		};
		2ABB281214ECCF7200820C07 /* Release */ = {
			isa = XCBuildConfiguration;
			buildSettings = {
				ALWAYS_SEARCH_USER_PATHS = NO;
				ARCHS = "$(ARCHS_STANDARD_64_BIT)";
				CLANG_ENABLE_OBJC_ARC = YES;
				COPY_PHASE_STRIP = YES;
				DEBUG_INFORMATION_FORMAT = "dwarf-with-dsym";
				GCC_C_LANGUAGE_STANDARD = gnu99;
				GCC_ENABLE_OBJC_EXCEPTIONS = YES;
				GCC_VERSION = com.apple.compilers.llvm.clang.1_0;
				GCC_WARN_64_TO_32_BIT_CONVERSION = YES;
				GCC_WARN_ABOUT_MISSING_PROTOTYPES = YES;
				GCC_WARN_ABOUT_RETURN_TYPE = YES;
				GCC_WARN_UNUSED_VARIABLE = YES;
				MACOSX_DEPLOYMENT_TARGET = 10.7;
				SDKROOT = macosx;
			};
			name = Release;
		};
		2ABB281414ECCF7200820C07 /* Debug */ = {
			isa = XCBuildConfiguration;
			buildSettings = {
				GCC_PRECOMPILE_PREFIX_HEADER = YES;
				GCC_PREFIX_HEADER = "typeditor/typeditor-Prefix.pch";
				GCC_PREPROCESSOR_DEFINITIONS = "";
				GCC_WARN_64_TO_32_BIT_CONVERSION = NO;
				GCC_WARN_ABOUT_MISSING_PROTOTYPES = NO;
				HEADER_SEARCH_PATHS = "${SRCROOT}/v8/include/**";
				INFOPLIST_FILE = "typeditor/typeditor-Info.plist";
				LIBRARY_SEARCH_PATHS = (
					"$(inherited)",
					"\"$(SRCROOT)/v8/lib\"",
				);
				OTHER_LDFLAGS = "";
				PRODUCT_NAME = "$(TARGET_NAME)";
				VERSION_INFO_SUFFIX = Typeditor;
				WRAPPER_EXTENSION = app;
			};
			name = Debug;
		};
		2ABB281514ECCF7200820C07 /* Release */ = {
			isa = XCBuildConfiguration;
			buildSettings = {
				GCC_PRECOMPILE_PREFIX_HEADER = YES;
				GCC_PREFIX_HEADER = "typeditor/typeditor-Prefix.pch";
				GCC_PREPROCESSOR_DEFINITIONS = "";
				GCC_WARN_64_TO_32_BIT_CONVERSION = NO;
				GCC_WARN_ABOUT_MISSING_PROTOTYPES = NO;
				HEADER_SEARCH_PATHS = "${SRCROOT}/v8/include/**";
				INFOPLIST_FILE = "typeditor/typeditor-Info.plist";
				LIBRARY_SEARCH_PATHS = (
					"$(inherited)",
					"\"$(SRCROOT)/v8/lib\"",
				);
				OTHER_LDFLAGS = "";
				PRODUCT_NAME = "$(TARGET_NAME)";
				VERSION_INFO_SUFFIX = Typeditor;
				WRAPPER_EXTENSION = app;
			};
			name = Release;
		};
/* End XCBuildConfiguration section */

/* Begin XCConfigurationList section */
		2ABB27DB14ECCF7100820C07 /* Build configuration list for PBXProject "typeditor" */ = {
			isa = XCConfigurationList;
			buildConfigurations = (
				2ABB281114ECCF7200820C07 /* Debug */,
				2ABB281214ECCF7200820C07 /* Release */,
			);
			defaultConfigurationIsVisible = 0;
			defaultConfigurationName = Release;
		};
		2ABB281314ECCF7200820C07 /* Build configuration list for PBXNativeTarget "typeditor" */ = {
			isa = XCConfigurationList;
			buildConfigurations = (
				2ABB281414ECCF7200820C07 /* Debug */,
				2ABB281514ECCF7200820C07 /* Release */,
			);
			defaultConfigurationIsVisible = 0;
			defaultConfigurationName = Release;
		};
/* End XCConfigurationList section */
	};
	rootObject = 2ABB27D814ECCF7100820C07 /* Project object */;
}
