// !$*UTF8*$!
{
	archiveVersion = 1;
	classes = {
	};
	objectVersion = 46;
	objects = {

/* Begin PBXBuildFile section */
		203AE70214F00DBD00D07E10 /* INAppStoreWindow.m in Sources */ = {isa = PBXBuildFile; fileRef = 203AE70114F00DBD00D07E10 /* INAppStoreWindow.m */; };
		203AE70514F014A000D07E10 /* WindowController.mm in Sources */ = {isa = PBXBuildFile; fileRef = 203AE70414F014A000D07E10 /* WindowController.mm */; };
		203AE70714F02B1700D07E10 /* WindowController.xib in Resources */ = {isa = PBXBuildFile; fileRef = 203AE70614F02B1700D07E10 /* WindowController.xib */; };
		2058101814F3D46F00EAAD8E /* EditorLineNumberView.m in Sources */ = {isa = PBXBuildFile; fileRef = 2058101714F3D46F00EAAD8E /* EditorLineNumberView.m */; };
		2058101C14F3D60300EAAD8E /* EditorLineNumberMarker.m in Sources */ = {isa = PBXBuildFile; fileRef = 2058101B14F3D60300EAAD8E /* EditorLineNumberMarker.m */; };
		208DFC1E14F2832C0067D6E1 /* EditorViewReplacement.m in Sources */ = {isa = PBXBuildFile; fileRef = 208DFC1D14F2832C0067D6E1 /* EditorViewReplacement.m */; };
		2A3EEE2314F399CD007F0CE3 /* EditorTextView.m in Sources */ = {isa = PBXBuildFile; fileRef = 2A3EEE2214F399CD007F0CE3 /* EditorTextView.m */; };
		2AAA6DAF14F20B88000BF463 /* EditorViewController.mm in Sources */ = {isa = PBXBuildFile; fileRef = 2AAA6DAD14F20B88000BF463 /* EditorViewController.mm */; };
		2AAA6DB014F20B88000BF463 /* EditorViewController.xib in Resources */ = {isa = PBXBuildFile; fileRef = 2AAA6DAE14F20B88000BF463 /* EditorViewController.xib */; };
		2ABB27E614ECCF7100820C07 /* Cocoa.framework in Frameworks */ = {isa = PBXBuildFile; fileRef = 2ABB27E514ECCF7100820C07 /* Cocoa.framework */; };
		2ABB27F014ECCF7100820C07 /* InfoPlist.strings in Resources */ = {isa = PBXBuildFile; fileRef = 2ABB27EE14ECCF7100820C07 /* InfoPlist.strings */; };
		2ABB27F214ECCF7100820C07 /* main.m in Sources */ = {isa = PBXBuildFile; fileRef = 2ABB27F114ECCF7100820C07 /* main.m */; };
		2ABB27F614ECCF7100820C07 /* Credits.rtf in Resources */ = {isa = PBXBuildFile; fileRef = 2ABB27F414ECCF7100820C07 /* Credits.rtf */; };
		2ABB27F914ECCF7100820C07 /* SFAppDelegate.mm in Sources */ = {isa = PBXBuildFile; fileRef = 2ABB27F814ECCF7100820C07 /* SFAppDelegate.mm */; };
		2ABB27FC14ECCF7200820C07 /* MainMenu.xib in Resources */ = {isa = PBXBuildFile; fileRef = 2ABB27FA14ECCF7200820C07 /* MainMenu.xib */; };
		2ABB280414ECCF7200820C07 /* SenTestingKit.framework in Frameworks */ = {isa = PBXBuildFile; fileRef = 2ABB280314ECCF7200820C07 /* SenTestingKit.framework */; };
		2ABB280514ECCF7200820C07 /* Cocoa.framework in Frameworks */ = {isa = PBXBuildFile; fileRef = 2ABB27E514ECCF7100820C07 /* Cocoa.framework */; };
		2ABB280D14ECCF7200820C07 /* InfoPlist.strings in Resources */ = {isa = PBXBuildFile; fileRef = 2ABB280B14ECCF7200820C07 /* InfoPlist.strings */; };
		2ABB281014ECCF7200820C07 /* typeditorTests.m in Sources */ = {isa = PBXBuildFile; fileRef = 2ABB280F14ECCF7200820C07 /* typeditorTests.m */; };
		2ABB283814ECD69E00820C07 /* libv8.a in Frameworks */ = {isa = PBXBuildFile; fileRef = 2ABB283614ECD69E00820C07 /* libv8.a */; };
		2ABB283914ECD69E00820C07 /* libv8preparser.a in Frameworks */ = {isa = PBXBuildFile; fileRef = 2ABB283714ECD69E00820C07 /* libv8preparser.a */; };
		2AF4883614EE3CE500F07726 /* V8Cocoa.mm in Sources */ = {isa = PBXBuildFile; fileRef = 2AF4883514EE3CE500F07726 /* V8Cocoa.mm */; };
		2AF4884014EE553C00F07726 /* init.js in Resources */ = {isa = PBXBuildFile; fileRef = 2AF4883E14EE54DE00F07726 /* init.js */; };
/* End PBXBuildFile section */

/* Begin PBXContainerItemProxy section */
		2ABB280614ECCF7200820C07 /* PBXContainerItemProxy */ = {
			isa = PBXContainerItemProxy;
			containerPortal = 2ABB27D814ECCF7100820C07 /* Project object */;
			proxyType = 1;
			remoteGlobalIDString = 2ABB27E014ECCF7100820C07;
			remoteInfo = typeditor;
		};
/* End PBXContainerItemProxy section */

/* Begin PBXFileReference section */
		203AE70014F00DBD00D07E10 /* INAppStoreWindow.h */ = {isa = PBXFileReference; fileEncoding = 4; lastKnownFileType = sourcecode.c.h; path = INAppStoreWindow.h; sourceTree = "<group>"; };
		203AE70114F00DBD00D07E10 /* INAppStoreWindow.m */ = {isa = PBXFileReference; fileEncoding = 4; lastKnownFileType = sourcecode.c.objc; path = INAppStoreWindow.m; sourceTree = "<group>"; };
		203AE70314F014A000D07E10 /* WindowController.h */ = {isa = PBXFileReference; fileEncoding = 4; lastKnownFileType = sourcecode.c.h; path = WindowController.h; sourceTree = "<group>"; };
		203AE70414F014A000D07E10 /* WindowController.mm */ = {isa = PBXFileReference; fileEncoding = 4; lastKnownFileType = sourcecode.cpp.objcpp; path = WindowController.mm; sourceTree = "<group>"; };
		203AE70614F02B1700D07E10 /* WindowController.xib */ = {isa = PBXFileReference; fileEncoding = 4; lastKnownFileType = file.xib; path = WindowController.xib; sourceTree = "<group>"; };
		2058101614F3D46F00EAAD8E /* EditorLineNumberView.h */ = {isa = PBXFileReference; fileEncoding = 4; lastKnownFileType = sourcecode.c.h; path = EditorLineNumberView.h; sourceTree = "<group>"; };
		2058101714F3D46F00EAAD8E /* EditorLineNumberView.m */ = {isa = PBXFileReference; fileEncoding = 4; lastKnownFileType = sourcecode.c.objc; path = EditorLineNumberView.m; sourceTree = "<group>"; };
		2058101A14F3D60300EAAD8E /* EditorLineNumberMarker.h */ = {isa = PBXFileReference; fileEncoding = 4; lastKnownFileType = sourcecode.c.h; path = EditorLineNumberMarker.h; sourceTree = "<group>"; };
		2058101B14F3D60300EAAD8E /* EditorLineNumberMarker.m */ = {isa = PBXFileReference; fileEncoding = 4; lastKnownFileType = sourcecode.c.objc; path = EditorLineNumberMarker.m; sourceTree = "<group>"; };
		208DFC1C14F2832C0067D6E1 /* EditorViewReplacement.h */ = {isa = PBXFileReference; fileEncoding = 4; lastKnownFileType = sourcecode.c.h; path = EditorViewReplacement.h; sourceTree = "<group>"; };
		208DFC1D14F2832C0067D6E1 /* EditorViewReplacement.m */ = {isa = PBXFileReference; fileEncoding = 4; lastKnownFileType = sourcecode.c.objc; path = EditorViewReplacement.m; sourceTree = "<group>"; };
		2A3EEE2114F399CD007F0CE3 /* EditorTextView.h */ = {isa = PBXFileReference; fileEncoding = 4; lastKnownFileType = sourcecode.c.h; path = EditorTextView.h; sourceTree = "<group>"; };
		2A3EEE2214F399CD007F0CE3 /* EditorTextView.m */ = {isa = PBXFileReference; fileEncoding = 4; lastKnownFileType = sourcecode.c.objc; path = EditorTextView.m; sourceTree = "<group>"; };
		2AAA6DAC14F20B88000BF463 /* EditorViewController.h */ = {isa = PBXFileReference; fileEncoding = 4; lastKnownFileType = sourcecode.c.h; path = EditorViewController.h; sourceTree = "<group>"; };
		2AAA6DAD14F20B88000BF463 /* EditorViewController.mm */ = {isa = PBXFileReference; fileEncoding = 4; lastKnownFileType = sourcecode.cpp.objcpp; path = EditorViewController.mm; sourceTree = "<group>"; };
		2AAA6DAE14F20B88000BF463 /* EditorViewController.xib */ = {isa = PBXFileReference; fileEncoding = 4; lastKnownFileType = file.xib; path = EditorViewController.xib; sourceTree = "<group>"; };
		2ABB27E114ECCF7100820C07 /* typeditor.app */ = {isa = PBXFileReference; explicitFileType = wrapper.application; includeInIndex = 0; path = typeditor.app; sourceTree = BUILT_PRODUCTS_DIR; };
		2ABB27E514ECCF7100820C07 /* Cocoa.framework */ = {isa = PBXFileReference; lastKnownFileType = wrapper.framework; name = Cocoa.framework; path = System/Library/Frameworks/Cocoa.framework; sourceTree = SDKROOT; };
		2ABB27E814ECCF7100820C07 /* AppKit.framework */ = {isa = PBXFileReference; lastKnownFileType = wrapper.framework; name = AppKit.framework; path = System/Library/Frameworks/AppKit.framework; sourceTree = SDKROOT; };
		2ABB27E914ECCF7100820C07 /* CoreData.framework */ = {isa = PBXFileReference; lastKnownFileType = wrapper.framework; name = CoreData.framework; path = System/Library/Frameworks/CoreData.framework; sourceTree = SDKROOT; };
		2ABB27EA14ECCF7100820C07 /* Foundation.framework */ = {isa = PBXFileReference; lastKnownFileType = wrapper.framework; name = Foundation.framework; path = System/Library/Frameworks/Foundation.framework; sourceTree = SDKROOT; };
		2ABB27ED14ECCF7100820C07 /* typeditor-Info.plist */ = {isa = PBXFileReference; lastKnownFileType = text.plist.xml; path = "typeditor-Info.plist"; sourceTree = "<group>"; };
		2ABB27EF14ECCF7100820C07 /* en */ = {isa = PBXFileReference; lastKnownFileType = text.plist.strings; name = en; path = en.lproj/InfoPlist.strings; sourceTree = "<group>"; };
		2ABB27F114ECCF7100820C07 /* main.m */ = {isa = PBXFileReference; lastKnownFileType = sourcecode.c.objc; path = main.m; sourceTree = "<group>"; };
		2ABB27F314ECCF7100820C07 /* typeditor-Prefix.pch */ = {isa = PBXFileReference; lastKnownFileType = sourcecode.c.h; path = "typeditor-Prefix.pch"; sourceTree = "<group>"; };
		2ABB27F514ECCF7100820C07 /* en */ = {isa = PBXFileReference; lastKnownFileType = text.rtf; name = en; path = en.lproj/Credits.rtf; sourceTree = "<group>"; };
		2ABB27F714ECCF7100820C07 /* SFAppDelegate.h */ = {isa = PBXFileReference; lastKnownFileType = sourcecode.c.h; path = SFAppDelegate.h; sourceTree = "<group>"; };
		2ABB27F814ECCF7100820C07 /* SFAppDelegate.mm */ = {isa = PBXFileReference; lastKnownFileType = sourcecode.cpp.objcpp; path = SFAppDelegate.mm; sourceTree = "<group>"; };
		2ABB27FB14ECCF7200820C07 /* en */ = {isa = PBXFileReference; lastKnownFileType = file.xib; name = en; path = en.lproj/MainMenu.xib; sourceTree = "<group>"; };
		2ABB280214ECCF7200820C07 /* typeditorTests.octest */ = {isa = PBXFileReference; explicitFileType = wrapper.cfbundle; includeInIndex = 0; path = typeditorTests.octest; sourceTree = BUILT_PRODUCTS_DIR; };
		2ABB280314ECCF7200820C07 /* SenTestingKit.framework */ = {isa = PBXFileReference; lastKnownFileType = wrapper.framework; name = SenTestingKit.framework; path = Library/Frameworks/SenTestingKit.framework; sourceTree = DEVELOPER_DIR; };
		2ABB280A14ECCF7200820C07 /* typeditorTests-Info.plist */ = {isa = PBXFileReference; lastKnownFileType = text.plist.xml; path = "typeditorTests-Info.plist"; sourceTree = "<group>"; };
		2ABB280C14ECCF7200820C07 /* en */ = {isa = PBXFileReference; lastKnownFileType = text.plist.strings; name = en; path = en.lproj/InfoPlist.strings; sourceTree = "<group>"; };
		2ABB280E14ECCF7200820C07 /* typeditorTests.h */ = {isa = PBXFileReference; lastKnownFileType = sourcecode.c.h; path = typeditorTests.h; sourceTree = "<group>"; };
		2ABB280F14ECCF7200820C07 /* typeditorTests.m */ = {isa = PBXFileReference; lastKnownFileType = sourcecode.c.objc; path = typeditorTests.m; sourceTree = "<group>"; };
		2ABB283614ECD69E00820C07 /* libv8.a */ = {isa = PBXFileReference; lastKnownFileType = archive.ar; name = libv8.a; path = v8/lib/libv8.a; sourceTree = "<group>"; };
		2ABB283714ECD69E00820C07 /* libv8preparser.a */ = {isa = PBXFileReference; lastKnownFileType = archive.ar; name = libv8preparser.a; path = v8/lib/libv8preparser.a; sourceTree = "<group>"; };
		2AF4883414EE3CE500F07726 /* V8Cocoa.h */ = {isa = PBXFileReference; fileEncoding = 4; lastKnownFileType = sourcecode.c.h; path = V8Cocoa.h; sourceTree = "<group>"; };
		2AF4883514EE3CE500F07726 /* V8Cocoa.mm */ = {isa = PBXFileReference; fileEncoding = 4; lastKnownFileType = sourcecode.cpp.objcpp; path = V8Cocoa.mm; sourceTree = "<group>"; };
		2AF4883E14EE54DE00F07726 /* init.js */ = {isa = PBXFileReference; fileEncoding = 4; lastKnownFileType = sourcecode.javascript; path = init.js; sourceTree = "<group>"; };
/* End PBXFileReference section */

/* Begin PBXFrameworksBuildPhase section */
		2ABB27DE14ECCF7100820C07 /* Frameworks */ = {
			isa = PBXFrameworksBuildPhase;
			buildActionMask = 2147483647;
			files = (
				2ABB27E614ECCF7100820C07 /* Cocoa.framework in Frameworks */,
				2ABB283814ECD69E00820C07 /* libv8.a in Frameworks */,
				2ABB283914ECD69E00820C07 /* libv8preparser.a in Frameworks */,
			);
			runOnlyForDeploymentPostprocessing = 0;
		};
		2ABB27FE14ECCF7200820C07 /* Frameworks */ = {
			isa = PBXFrameworksBuildPhase;
			buildActionMask = 2147483647;
			files = (
				2ABB280414ECCF7200820C07 /* SenTestingKit.framework in Frameworks */,
				2ABB280514ECCF7200820C07 /* Cocoa.framework in Frameworks */,
			);
			runOnlyForDeploymentPostprocessing = 0;
		};
/* End PBXFrameworksBuildPhase section */

/* Begin PBXGroup section */
		203AE6FF14F00DA700D07E10 /* View */ = {
			isa = PBXGroup;
			children = (
				203AE70014F00DBD00D07E10 /* INAppStoreWindow.h */,
				203AE70114F00DBD00D07E10 /* INAppStoreWindow.m */,
				2A3EEE2114F399CD007F0CE3 /* EditorTextView.h */,
				2A3EEE2214F399CD007F0CE3 /* EditorTextView.m */,
				2058101614F3D46F00EAAD8E /* EditorLineNumberView.h */,
				2058101714F3D46F00EAAD8E /* EditorLineNumberView.m */,
				2058101A14F3D60300EAAD8E /* EditorLineNumberMarker.h */,
				2058101B14F3D60300EAAD8E /* EditorLineNumberMarker.m */,
			);
			name = View;
			sourceTree = "<group>";
		};
		208DFC1A14F282DC0067D6E1 /* Class */ = {
			isa = PBXGroup;
			children = (
				208DFC1C14F2832C0067D6E1 /* EditorViewReplacement.h */,
				208DFC1D14F2832C0067D6E1 /* EditorViewReplacement.m */,
			);
			name = Class;
			sourceTree = "<group>";
		};
		2ABB27D614ECCF7100820C07 = {
			isa = PBXGroup;
			children = (
				2ABB27EB14ECCF7100820C07 /* typeditor */,
				2ABB280814ECCF7200820C07 /* typeditorTests */,
				2ABB27E414ECCF7100820C07 /* Frameworks */,
				2ABB27E214ECCF7100820C07 /* Products */,
			);
			sourceTree = "<group>";
		};
		2ABB27E214ECCF7100820C07 /* Products */ = {
			isa = PBXGroup;
			children = (
				2ABB27E114ECCF7100820C07 /* typeditor.app */,
				2ABB280214ECCF7200820C07 /* typeditorTests.octest */,
			);
			name = Products;
			sourceTree = "<group>";
		};
		2ABB27E414ECCF7100820C07 /* Frameworks */ = {
			isa = PBXGroup;
			children = (
				2ABB283614ECD69E00820C07 /* libv8.a */,
				2ABB283714ECD69E00820C07 /* libv8preparser.a */,
				2ABB27E514ECCF7100820C07 /* Cocoa.framework */,
				2ABB280314ECCF7200820C07 /* SenTestingKit.framework */,
				2ABB27E714ECCF7100820C07 /* Other Frameworks */,
			);
			name = Frameworks;
			sourceTree = "<group>";
		};
		2ABB27E714ECCF7100820C07 /* Other Frameworks */ = {
			isa = PBXGroup;
			children = (
				2ABB27E814ECCF7100820C07 /* AppKit.framework */,
				2ABB27E914ECCF7100820C07 /* CoreData.framework */,
				2ABB27EA14ECCF7100820C07 /* Foundation.framework */,
			);
			name = "Other Frameworks";
			sourceTree = "<group>";
		};
		2ABB27EB14ECCF7100820C07 /* typeditor */ = {
			isa = PBXGroup;
			children = (
				208DFC1A14F282DC0067D6E1 /* Class */,
				203AE6FF14F00DA700D07E10 /* View */,
				2AF4883D14EE54C100F07726 /* JS */,
				2AF4883714EE3CF700F07726 /* V8 */,
				2ABB283F14ECDC8F00820C07 /* Controller */,
				2ABB27F714ECCF7100820C07 /* SFAppDelegate.h */,
				2ABB27F814ECCF7100820C07 /* SFAppDelegate.mm */,
				2ABB27FA14ECCF7200820C07 /* MainMenu.xib */,
				2ABB27EC14ECCF7100820C07 /* Supporting Files */,
			);
			path = typeditor;
			sourceTree = "<group>";
		};
		2ABB27EC14ECCF7100820C07 /* Supporting Files */ = {
			isa = PBXGroup;
			children = (
				2ABB27ED14ECCF7100820C07 /* typeditor-Info.plist */,
				2ABB27EE14ECCF7100820C07 /* InfoPlist.strings */,
				2ABB27F114ECCF7100820C07 /* main.m */,
				2ABB27F314ECCF7100820C07 /* typeditor-Prefix.pch */,
				2ABB27F414ECCF7100820C07 /* Credits.rtf */,
			);
			name = "Supporting Files";
			sourceTree = "<group>";
		};
		2ABB280814ECCF7200820C07 /* typeditorTests */ = {
			isa = PBXGroup;
			children = (
				2ABB280E14ECCF7200820C07 /* typeditorTests.h */,
				2ABB280F14ECCF7200820C07 /* typeditorTests.m */,
				2ABB280914ECCF7200820C07 /* Supporting Files */,
			);
			path = typeditorTests;
			sourceTree = "<group>";
		};
		2ABB280914ECCF7200820C07 /* Supporting Files */ = {
			isa = PBXGroup;
			children = (
				2ABB280A14ECCF7200820C07 /* typeditorTests-Info.plist */,
				2ABB280B14ECCF7200820C07 /* InfoPlist.strings */,
			);
			name = "Supporting Files";
			sourceTree = "<group>";
		};
		2ABB283F14ECDC8F00820C07 /* Controller */ = {
			isa = PBXGroup;
			children = (
				203AE70314F014A000D07E10 /* WindowController.h */,
				203AE70414F014A000D07E10 /* WindowController.mm */,
				203AE70614F02B1700D07E10 /* WindowController.xib */,
				2AAA6DAC14F20B88000BF463 /* EditorViewController.h */,
				2AAA6DAD14F20B88000BF463 /* EditorViewController.mm */,
				2AAA6DAE14F20B88000BF463 /* EditorViewController.xib */,
			);
			name = Controller;
			sourceTree = "<group>";
		};
		2AF4883714EE3CF700F07726 /* V8 */ = {
			isa = PBXGroup;
			children = (
				2AF4883414EE3CE500F07726 /* V8Cocoa.h */,
				2AF4883514EE3CE500F07726 /* V8Cocoa.mm */,
			);
			name = V8;
			sourceTree = "<group>";
		};
		2AF4883D14EE54C100F07726 /* JS */ = {
			isa = PBXGroup;
			children = (
				2AF4883E14EE54DE00F07726 /* init.js */,
			);
			name = JS;
			sourceTree = "<group>";
		};
/* End PBXGroup section */

/* Begin PBXNativeTarget section */
		2ABB27E014ECCF7100820C07 /* typeditor */ = {
			isa = PBXNativeTarget;
			buildConfigurationList = 2ABB281314ECCF7200820C07 /* Build configuration list for PBXNativeTarget "typeditor" */;
			buildPhases = (
				2ABB27DD14ECCF7100820C07 /* Sources */,
				2ABB27DE14ECCF7100820C07 /* Frameworks */,
				2ABB27DF14ECCF7100820C07 /* Resources */,
			);
			buildRules = (
			);
			dependencies = (
			);
			name = typeditor;
			productName = typeditor;
			productReference = 2ABB27E114ECCF7100820C07 /* typeditor.app */;
			productType = "com.apple.product-type.application";
		};
		2ABB280114ECCF7200820C07 /* typeditorTests */ = {
			isa = PBXNativeTarget;
			buildConfigurationList = 2ABB281614ECCF7200820C07 /* Build configuration list for PBXNativeTarget "typeditorTests" */;
			buildPhases = (
				2ABB27FD14ECCF7200820C07 /* Sources */,
				2ABB27FE14ECCF7200820C07 /* Frameworks */,
				2ABB27FF14ECCF7200820C07 /* Resources */,
				2ABB280014ECCF7200820C07 /* ShellScript */,
			);
			buildRules = (
			);
			dependencies = (
				2ABB280714ECCF7200820C07 /* PBXTargetDependency */,
			);
			name = typeditorTests;
			productName = typeditorTests;
			productReference = 2ABB280214ECCF7200820C07 /* typeditorTests.octest */;
			productType = "com.apple.product-type.bundle";
		};
/* End PBXNativeTarget section */

/* Begin PBXProject section */
		2ABB27D814ECCF7100820C07 /* Project object */ = {
			isa = PBXProject;
			attributes = {
				LastUpgradeCheck = 0420;
				ORGANIZATIONNAME = MagnetJoy;
			};
			buildConfigurationList = 2ABB27DB14ECCF7100820C07 /* Build configuration list for PBXProject "typeditor" */;
			compatibilityVersion = "Xcode 3.2";
			developmentRegion = English;
			hasScannedForEncodings = 0;
			knownRegions = (
				en,
			);
			mainGroup = 2ABB27D614ECCF7100820C07;
			productRefGroup = 2ABB27E214ECCF7100820C07 /* Products */;
			projectDirPath = "";
			projectRoot = "";
			targets = (
				2ABB27E014ECCF7100820C07 /* typeditor */,
				2ABB280114ECCF7200820C07 /* typeditorTests */,
			);
		};
/* End PBXProject section */

/* Begin PBXResourcesBuildPhase section */
		2ABB27DF14ECCF7100820C07 /* Resources */ = {
			isa = PBXResourcesBuildPhase;
			buildActionMask = 2147483647;
			files = (
				2AF4884014EE553C00F07726 /* init.js in Resources */,
				2ABB27F014ECCF7100820C07 /* InfoPlist.strings in Resources */,
				2ABB27F614ECCF7100820C07 /* Credits.rtf in Resources */,
				2ABB27FC14ECCF7200820C07 /* MainMenu.xib in Resources */,
				203AE70714F02B1700D07E10 /* WindowController.xib in Resources */,
				2AAA6DB014F20B88000BF463 /* EditorViewController.xib in Resources */,
			);
			runOnlyForDeploymentPostprocessing = 0;
		};
		2ABB27FF14ECCF7200820C07 /* Resources */ = {
			isa = PBXResourcesBuildPhase;
			buildActionMask = 2147483647;
			files = (
				2ABB280D14ECCF7200820C07 /* InfoPlist.strings in Resources */,
			);
			runOnlyForDeploymentPostprocessing = 0;
		};
/* End PBXResourcesBuildPhase section */

/* Begin PBXShellScriptBuildPhase section */
		2ABB280014ECCF7200820C07 /* ShellScript */ = {
			isa = PBXShellScriptBuildPhase;
			buildActionMask = 2147483647;
			files = (
			);
			inputPaths = (
			);
			outputPaths = (
			);
			runOnlyForDeploymentPostprocessing = 0;
			shellPath = /bin/sh;
			shellScript = "# Run the unit tests in this test bundle.\n\"${SYSTEM_DEVELOPER_DIR}/Tools/RunUnitTests\"\n";
		};
/* End PBXShellScriptBuildPhase section */

/* Begin PBXSourcesBuildPhase section */
		2ABB27DD14ECCF7100820C07 /* Sources */ = {
			isa = PBXSourcesBuildPhase;
			buildActionMask = 2147483647;
			files = (
				2ABB27F214ECCF7100820C07 /* main.m in Sources */,
				2ABB27F914ECCF7100820C07 /* SFAppDelegate.mm in Sources */,
				2AF4883614EE3CE500F07726 /* V8Cocoa.mm in Sources */,
				203AE70214F00DBD00D07E10 /* INAppStoreWindow.m in Sources */,
				203AE70514F014A000D07E10 /* WindowController.mm in Sources */,
				2AAA6DAF14F20B88000BF463 /* EditorViewController.mm in Sources */,
				208DFC1E14F2832C0067D6E1 /* EditorViewReplacement.m in Sources */,
				2A3EEE2314F399CD007F0CE3 /* EditorTextView.m in Sources */,
				2058101814F3D46F00EAAD8E /* EditorLineNumberView.m in Sources */,
				2058101C14F3D60300EAAD8E /* EditorLineNumberMarker.m in Sources */,
			);
			runOnlyForDeploymentPostprocessing = 0;
		};
		2ABB27FD14ECCF7200820C07 /* Sources */ = {
			isa = PBXSourcesBuildPhase;
			buildActionMask = 2147483647;
			files = (
				2ABB281014ECCF7200820C07 /* typeditorTests.m in Sources */,
			);
			runOnlyForDeploymentPostprocessing = 0;
		};
/* End PBXSourcesBuildPhase section */

/* Begin PBXTargetDependency section */
		2ABB280714ECCF7200820C07 /* PBXTargetDependency */ = {
			isa = PBXTargetDependency;
			target = 2ABB27E014ECCF7100820C07 /* typeditor */;
			targetProxy = 2ABB280614ECCF7200820C07 /* PBXContainerItemProxy */;
		};
/* End PBXTargetDependency section */

/* Begin PBXVariantGroup section */
		2ABB27EE14ECCF7100820C07 /* InfoPlist.strings */ = {
			isa = PBXVariantGroup;
			children = (
				2ABB27EF14ECCF7100820C07 /* en */,
			);
			name = InfoPlist.strings;
			sourceTree = "<group>";
		};
		2ABB27F414ECCF7100820C07 /* Credits.rtf */ = {
			isa = PBXVariantGroup;
			children = (
				2ABB27F514ECCF7100820C07 /* en */,
			);
			name = Credits.rtf;
			sourceTree = "<group>";
		};
		2ABB27FA14ECCF7200820C07 /* MainMenu.xib */ = {
			isa = PBXVariantGroup;
			children = (
				2ABB27FB14ECCF7200820C07 /* en */,
			);
			name = MainMenu.xib;
			sourceTree = "<group>";
		};
		2ABB280B14ECCF7200820C07 /* InfoPlist.strings */ = {
			isa = PBXVariantGroup;
			children = (
				2ABB280C14ECCF7200820C07 /* en */,
			);
			name = InfoPlist.strings;
			sourceTree = "<group>";
		};
/* End PBXVariantGroup section */

/* Begin XCBuildConfiguration section */
		2ABB281114ECCF7200820C07 /* Debug */ = {
			isa = XCBuildConfiguration;
			buildSettings = {
				ALWAYS_SEARCH_USER_PATHS = NO;
				ARCHS = "$(ARCHS_STANDARD_64_BIT)";
				CLANG_ENABLE_OBJC_ARC = YES;
				COPY_PHASE_STRIP = NO;
				GCC_C_LANGUAGE_STANDARD = gnu99;
				GCC_DYNAMIC_NO_PIC = NO;
				GCC_ENABLE_OBJC_EXCEPTIONS = YES;
				GCC_OPTIMIZATION_LEVEL = 0;
				GCC_PREPROCESSOR_DEFINITIONS = (
					"DEBUG=1",
					"$(inherited)",
				);
				GCC_SYMBOLS_PRIVATE_EXTERN = NO;
				GCC_VERSION = com.apple.compilers.llvm.clang.1_0;
				GCC_WARN_64_TO_32_BIT_CONVERSION = YES;
				GCC_WARN_ABOUT_MISSING_PROTOTYPES = YES;
				GCC_WARN_ABOUT_RETURN_TYPE = YES;
				GCC_WARN_UNUSED_VARIABLE = YES;
				MACOSX_DEPLOYMENT_TARGET = 10.7;
				ONLY_ACTIVE_ARCH = YES;
				SDKROOT = macosx;
			};
			name = Debug;
		};
		2ABB281214ECCF7200820C07 /* Release */ = {
			isa = XCBuildConfiguration;
			buildSettings = {
				ALWAYS_SEARCH_USER_PATHS = NO;
				ARCHS = "$(ARCHS_STANDARD_64_BIT)";
				CLANG_ENABLE_OBJC_ARC = YES;
				COPY_PHASE_STRIP = YES;
				DEBUG_INFORMATION_FORMAT = "dwarf-with-dsym";
				GCC_C_LANGUAGE_STANDARD = gnu99;
				GCC_ENABLE_OBJC_EXCEPTIONS = YES;
				GCC_VERSION = com.apple.compilers.llvm.clang.1_0;
				GCC_WARN_64_TO_32_BIT_CONVERSION = YES;
				GCC_WARN_ABOUT_MISSING_PROTOTYPES = YES;
				GCC_WARN_ABOUT_RETURN_TYPE = YES;
				GCC_WARN_UNUSED_VARIABLE = YES;
				MACOSX_DEPLOYMENT_TARGET = 10.7;
				SDKROOT = macosx;
			};
			name = Release;
		};
		2ABB281414ECCF7200820C07 /* Debug */ = {
			isa = XCBuildConfiguration;
			buildSettings = {
				GCC_PRECOMPILE_PREFIX_HEADER = YES;
				GCC_PREFIX_HEADER = "typeditor/typeditor-Prefix.pch";
				GCC_PREPROCESSOR_DEFINITIONS = "";
				GCC_WARN_64_TO_32_BIT_CONVERSION = NO;
				GCC_WARN_ABOUT_MISSING_PROTOTYPES = NO;
				HEADER_SEARCH_PATHS = "${SRCROOT}/v8/include/**";
				INFOPLIST_FILE = "typeditor/typeditor-Info.plist";
				LIBRARY_SEARCH_PATHS = (
					"$(inherited)",
					"\"$(SRCROOT)/v8/lib\"",
				);
				PRODUCT_NAME = "$(TARGET_NAME)";
				VERSION_INFO_SUFFIX = Typeditor;
				WRAPPER_EXTENSION = app;
			};
			name = Debug;
		};
		2ABB281514ECCF7200820C07 /* Release */ = {
			isa = XCBuildConfiguration;
			buildSettings = {
				GCC_PRECOMPILE_PREFIX_HEADER = YES;
				GCC_PREFIX_HEADER = "typeditor/typeditor-Prefix.pch";
				GCC_PREPROCESSOR_DEFINITIONS = "";
				GCC_WARN_64_TO_32_BIT_CONVERSION = NO;
				GCC_WARN_ABOUT_MISSING_PROTOTYPES = NO;
				HEADER_SEARCH_PATHS = "${SRCROOT}/v8/include/**";
				INFOPLIST_FILE = "typeditor/typeditor-Info.plist";
				LIBRARY_SEARCH_PATHS = (
					"$(inherited)",
					"\"$(SRCROOT)/v8/lib\"",
				);
				PRODUCT_NAME = "$(TARGET_NAME)";
				VERSION_INFO_SUFFIX = Typeditor;
				WRAPPER_EXTENSION = app;
			};
			name = Release;
		};
		2ABB281714ECCF7200820C07 /* Debug */ = {
			isa = XCBuildConfiguration;
			buildSettings = {
				BUNDLE_LOADER = "$(BUILT_PRODUCTS_DIR)/typeditor.app/Contents/MacOS/typeditor";
				FRAMEWORK_SEARCH_PATHS = "$(DEVELOPER_LIBRARY_DIR)/Frameworks";
				GCC_PRECOMPILE_PREFIX_HEADER = YES;
				GCC_PREFIX_HEADER = "typeditor/typeditor-Prefix.pch";
				INFOPLIST_FILE = "typeditorTests/typeditorTests-Info.plist";
				PRODUCT_NAME = "$(TARGET_NAME)";
				TEST_HOST = "$(BUNDLE_LOADER)";
				WRAPPER_EXTENSION = octest;
			};
			name = Debug;
		};
		2ABB281814ECCF7200820C07 /* Release */ = {
			isa = XCBuildConfiguration;
			buildSettings = {
				BUNDLE_LOADER = "$(BUILT_PRODUCTS_DIR)/typeditor.app/Contents/MacOS/typeditor";
				FRAMEWORK_SEARCH_PATHS = "$(DEVELOPER_LIBRARY_DIR)/Frameworks";
				GCC_PRECOMPILE_PREFIX_HEADER = YES;
				GCC_PREFIX_HEADER = "typeditor/typeditor-Prefix.pch";
				INFOPLIST_FILE = "typeditorTests/typeditorTests-Info.plist";
				PRODUCT_NAME = "$(TARGET_NAME)";
				TEST_HOST = "$(BUNDLE_LOADER)";
				WRAPPER_EXTENSION = octest;
			};
			name = Release;
		};
/* End XCBuildConfiguration section */

/* Begin XCConfigurationList section */
		2ABB27DB14ECCF7100820C07 /* Build configuration list for PBXProject "typeditor" */ = {
			isa = XCConfigurationList;
			buildConfigurations = (
				2ABB281114ECCF7200820C07 /* Debug */,
				2ABB281214ECCF7200820C07 /* Release */,
			);
			defaultConfigurationIsVisible = 0;
			defaultConfigurationName = Release;
		};
		2ABB281314ECCF7200820C07 /* Build configuration list for PBXNativeTarget "typeditor" */ = {
			isa = XCConfigurationList;
			buildConfigurations = (
				2ABB281414ECCF7200820C07 /* Debug */,
				2ABB281514ECCF7200820C07 /* Release */,
			);
			defaultConfigurationIsVisible = 0;
			defaultConfigurationName = Release;
		};
		2ABB281614ECCF7200820C07 /* Build configuration list for PBXNativeTarget "typeditorTests" */ = {
			isa = XCConfigurationList;
			buildConfigurations = (
				2ABB281714ECCF7200820C07 /* Debug */,
				2ABB281814ECCF7200820C07 /* Release */,
			);
			defaultConfigurationIsVisible = 0;
			defaultConfigurationName = Release;
		};
/* End XCConfigurationList section */
	};
	rootObject = 2ABB27D814ECCF7100820C07 /* Project object */;
}
